// !$*UTF8*$!
{
	archiveVersion = 1;
	classes = {
	};
	objectVersion = 45;
	objects = {

/* Begin PBXBuildFile section */
		8B0F76A92B9CE06700F69300 /* CAExtAudioFile.h in Headers */ = {isa = PBXBuildFile; fileRef = 8B0F76212B9CE06700F69300 /* CAExtAudioFile.h */; };
		8B0F76AA2B9CE06700F69300 /* CACFMachPort.h in Headers */ = {isa = PBXBuildFile; fileRef = 8B0F76222B9CE06700F69300 /* CACFMachPort.h */; };
		8B0F76AB2B9CE06700F69300 /* CABool.h in Headers */ = {isa = PBXBuildFile; fileRef = 8B0F76232B9CE06700F69300 /* CABool.h */; };
		8B0F76AC2B9CE06700F69300 /* CAComponent.cpp in Sources */ = {isa = PBXBuildFile; fileRef = 8B0F76242B9CE06700F69300 /* CAComponent.cpp */; };
		8B0F76AD2B9CE06700F69300 /* CADebugger.h in Headers */ = {isa = PBXBuildFile; fileRef = 8B0F76252B9CE06700F69300 /* CADebugger.h */; };
		8B0F76AE2B9CE06700F69300 /* CACFNumber.cpp in Sources */ = {isa = PBXBuildFile; fileRef = 8B0F76262B9CE06700F69300 /* CACFNumber.cpp */; };
		8B0F76AF2B9CE06700F69300 /* CAGuard.h in Headers */ = {isa = PBXBuildFile; fileRef = 8B0F76272B9CE06700F69300 /* CAGuard.h */; };
		8B0F76B02B9CE06700F69300 /* CAAtomic.h in Headers */ = {isa = PBXBuildFile; fileRef = 8B0F76282B9CE06700F69300 /* CAAtomic.h */; };
		8B0F76B12B9CE06700F69300 /* CAStreamBasicDescription.h in Headers */ = {isa = PBXBuildFile; fileRef = 8B0F76292B9CE06700F69300 /* CAStreamBasicDescription.h */; };
		8B0F76B22B9CE06700F69300 /* CACFObject.h in Headers */ = {isa = PBXBuildFile; fileRef = 8B0F762A2B9CE06700F69300 /* CACFObject.h */; };
		8B0F76B32B9CE06700F69300 /* CAStreamRangedDescription.h in Headers */ = {isa = PBXBuildFile; fileRef = 8B0F762B2B9CE06700F69300 /* CAStreamRangedDescription.h */; };
		8B0F76B42B9CE06700F69300 /* CATokenMap.h in Headers */ = {isa = PBXBuildFile; fileRef = 8B0F762C2B9CE06700F69300 /* CATokenMap.h */; };
		8B0F76B52B9CE06700F69300 /* CAComponent.h in Headers */ = {isa = PBXBuildFile; fileRef = 8B0F762D2B9CE06700F69300 /* CAComponent.h */; };
		8B0F76B62B9CE06700F69300 /* CAAudioBufferList.h in Headers */ = {isa = PBXBuildFile; fileRef = 8B0F762E2B9CE06700F69300 /* CAAudioBufferList.h */; };
		8B0F76B72B9CE06700F69300 /* CAAudioUnit.h in Headers */ = {isa = PBXBuildFile; fileRef = 8B0F762F2B9CE06700F69300 /* CAAudioUnit.h */; };
		8B0F76B82B9CE06700F69300 /* CAAUParameter.h in Headers */ = {isa = PBXBuildFile; fileRef = 8B0F76302B9CE06700F69300 /* CAAUParameter.h */; };
		8B0F76B92B9CE06700F69300 /* CAException.h in Headers */ = {isa = PBXBuildFile; fileRef = 8B0F76312B9CE06700F69300 /* CAException.h */; };
		8B0F76BA2B9CE06700F69300 /* CAAUProcessor.cpp in Sources */ = {isa = PBXBuildFile; fileRef = 8B0F76322B9CE06700F69300 /* CAAUProcessor.cpp */; };
		8B0F76BB2B9CE06700F69300 /* CAAUProcessor.h in Headers */ = {isa = PBXBuildFile; fileRef = 8B0F76332B9CE06700F69300 /* CAAUProcessor.h */; };
		8B0F76BC2B9CE06700F69300 /* CAProcess.h in Headers */ = {isa = PBXBuildFile; fileRef = 8B0F76342B9CE06700F69300 /* CAProcess.h */; };
		8B0F76BD2B9CE06700F69300 /* CACFDictionary.h in Headers */ = {isa = PBXBuildFile; fileRef = 8B0F76352B9CE06700F69300 /* CACFDictionary.h */; };
		8B0F76BE2B9CE06700F69300 /* CAPThread.h in Headers */ = {isa = PBXBuildFile; fileRef = 8B0F76362B9CE06700F69300 /* CAPThread.h */; };
		8B0F76BF2B9CE06700F69300 /* CAAUParameter.cpp in Sources */ = {isa = PBXBuildFile; fileRef = 8B0F76372B9CE06700F69300 /* CAAUParameter.cpp */; };
		8B0F76C02B9CE06700F69300 /* CAAudioTimeStamp.h in Headers */ = {isa = PBXBuildFile; fileRef = 8B0F76382B9CE06700F69300 /* CAAudioTimeStamp.h */; };
		8B0F76C12B9CE06700F69300 /* CAFilePathUtils.cpp in Sources */ = {isa = PBXBuildFile; fileRef = 8B0F76392B9CE06700F69300 /* CAFilePathUtils.cpp */; };
		8B0F76C22B9CE06700F69300 /* CAAudioValueRange.h in Headers */ = {isa = PBXBuildFile; fileRef = 8B0F763A2B9CE06700F69300 /* CAAudioValueRange.h */; };
		8B0F76C32B9CE06700F69300 /* CAVectorUnitTypes.h in Headers */ = {isa = PBXBuildFile; fileRef = 8B0F763B2B9CE06700F69300 /* CAVectorUnitTypes.h */; };
		8B0F76C42B9CE06700F69300 /* CAAudioChannelLayoutObject.cpp in Sources */ = {isa = PBXBuildFile; fileRef = 8B0F763C2B9CE06700F69300 /* CAAudioChannelLayoutObject.cpp */; };
		8B0F76C52B9CE06700F69300 /* CAGuard.cpp in Sources */ = {isa = PBXBuildFile; fileRef = 8B0F763D2B9CE06700F69300 /* CAGuard.cpp */; };
		8B0F76C62B9CE06700F69300 /* CACFNumber.h in Headers */ = {isa = PBXBuildFile; fileRef = 8B0F763E2B9CE06700F69300 /* CACFNumber.h */; };
		8B0F76C72B9CE06700F69300 /* CACFDistributedNotification.cpp in Sources */ = {isa = PBXBuildFile; fileRef = 8B0F763F2B9CE06700F69300 /* CACFDistributedNotification.cpp */; };
		8B0F76C82B9CE06700F69300 /* CACFString.h in Headers */ = {isa = PBXBuildFile; fileRef = 8B0F76402B9CE06700F69300 /* CACFString.h */; };
		8B0F76C92B9CE06700F69300 /* CAAUMIDIMapManager.cpp in Sources */ = {isa = PBXBuildFile; fileRef = 8B0F76412B9CE06700F69300 /* CAAUMIDIMapManager.cpp */; };
		8B0F76CA2B9CE06700F69300 /* CAComponentDescription.cpp in Sources */ = {isa = PBXBuildFile; fileRef = 8B0F76422B9CE06700F69300 /* CAComponentDescription.cpp */; };
		8B0F76CB2B9CE06700F69300 /* CAHostTimeBase.h in Headers */ = {isa = PBXBuildFile; fileRef = 8B0F76432B9CE06700F69300 /* CAHostTimeBase.h */; };
		8B0F76CC2B9CE06700F69300 /* CADebugMacros.cpp in Sources */ = {isa = PBXBuildFile; fileRef = 8B0F76442B9CE06700F69300 /* CADebugMacros.cpp */; };
		8B0F76CD2B9CE06700F69300 /* CAAudioFileFormats.h in Headers */ = {isa = PBXBuildFile; fileRef = 8B0F76452B9CE06700F69300 /* CAAudioFileFormats.h */; };
		8B0F76CE2B9CE06700F69300 /* CAAUMIDIMapManager.h in Headers */ = {isa = PBXBuildFile; fileRef = 8B0F76462B9CE06700F69300 /* CAAUMIDIMapManager.h */; };
		8B0F76CF2B9CE06700F69300 /* CACFDictionary.cpp in Sources */ = {isa = PBXBuildFile; fileRef = 8B0F76472B9CE06700F69300 /* CACFDictionary.cpp */; };
		8B0F76D02B9CE06700F69300 /* CAMutex.h in Headers */ = {isa = PBXBuildFile; fileRef = 8B0F76482B9CE06700F69300 /* CAMutex.h */; };
		8B0F76D12B9CE06700F69300 /* CACFString.cpp in Sources */ = {isa = PBXBuildFile; fileRef = 8B0F76492B9CE06700F69300 /* CACFString.cpp */; };
		8B0F76D22B9CE06700F69300 /* CASettingsStorage.h in Headers */ = {isa = PBXBuildFile; fileRef = 8B0F764A2B9CE06700F69300 /* CASettingsStorage.h */; };
		8B0F76D32B9CE06700F69300 /* CADebugPrintf.h in Headers */ = {isa = PBXBuildFile; fileRef = 8B0F764B2B9CE06700F69300 /* CADebugPrintf.h */; };
		8B0F76D42B9CE06700F69300 /* CAXException.cpp in Sources */ = {isa = PBXBuildFile; fileRef = 8B0F764C2B9CE06700F69300 /* CAXException.cpp */; };
		8B0F76D52B9CE06700F69300 /* CAAUMIDIMap.h in Headers */ = {isa = PBXBuildFile; fileRef = 8B0F764D2B9CE06700F69300 /* CAAUMIDIMap.h */; };
		8B0F76D62B9CE06700F69300 /* AUParamInfo.h in Headers */ = {isa = PBXBuildFile; fileRef = 8B0F764E2B9CE06700F69300 /* AUParamInfo.h */; };
		8B0F76D72B9CE06700F69300 /* CABitOperations.h in Headers */ = {isa = PBXBuildFile; fileRef = 8B0F764F2B9CE06700F69300 /* CABitOperations.h */; };
		8B0F76D82B9CE06700F69300 /* CACFPreferences.cpp in Sources */ = {isa = PBXBuildFile; fileRef = 8B0F76502B9CE06700F69300 /* CACFPreferences.cpp */; };
		8B0F76D92B9CE06700F69300 /* CABundleLocker.h in Headers */ = {isa = PBXBuildFile; fileRef = 8B0F76512B9CE06700F69300 /* CABundleLocker.h */; };
		8B0F76DA2B9CE06700F69300 /* CAPropertyAddress.h in Headers */ = {isa = PBXBuildFile; fileRef = 8B0F76522B9CE06700F69300 /* CAPropertyAddress.h */; };
		8B0F76DB2B9CE06700F69300 /* CAXException.h in Headers */ = {isa = PBXBuildFile; fileRef = 8B0F76532B9CE06700F69300 /* CAXException.h */; };
		8B0F76DC2B9CE06700F69300 /* CAAudioChannelLayout.cpp in Sources */ = {isa = PBXBuildFile; fileRef = 8B0F76542B9CE06700F69300 /* CAAudioChannelLayout.cpp */; };
		8B0F76DD2B9CE06700F69300 /* CAThreadSafeList.h in Headers */ = {isa = PBXBuildFile; fileRef = 8B0F76552B9CE06700F69300 /* CAThreadSafeList.h */; };
		8B0F76DE2B9CE06700F69300 /* CAAudioUnitOutputCapturer.h in Headers */ = {isa = PBXBuildFile; fileRef = 8B0F76562B9CE06700F69300 /* CAAudioUnitOutputCapturer.h */; };
		8B0F76DF2B9CE06700F69300 /* AUParamInfo.cpp in Sources */ = {isa = PBXBuildFile; fileRef = 8B0F76572B9CE06700F69300 /* AUParamInfo.cpp */; };
		8B0F76E02B9CE06700F69300 /* CASharedLibrary.cpp in Sources */ = {isa = PBXBuildFile; fileRef = 8B0F76582B9CE06700F69300 /* CASharedLibrary.cpp */; };
		8B0F76E12B9CE06700F69300 /* CAAUMIDIMap.cpp in Sources */ = {isa = PBXBuildFile; fileRef = 8B0F76592B9CE06700F69300 /* CAAUMIDIMap.cpp */; };
		8B0F76E22B9CE06700F69300 /* CALogMacros.h in Headers */ = {isa = PBXBuildFile; fileRef = 8B0F765A2B9CE06700F69300 /* CALogMacros.h */; };
		8B0F76E32B9CE06700F69300 /* CACFMessagePort.cpp in Sources */ = {isa = PBXBuildFile; fileRef = 8B0F765B2B9CE06700F69300 /* CACFMessagePort.cpp */; };
		8B0F76E42B9CE06700F69300 /* CARingBuffer.h in Headers */ = {isa = PBXBuildFile; fileRef = 8B0F765C2B9CE06700F69300 /* CARingBuffer.h */; };
		8B0F76E52B9CE06700F69300 /* AUOutputBL.cpp in Sources */ = {isa = PBXBuildFile; fileRef = 8B0F765D2B9CE06700F69300 /* AUOutputBL.cpp */; };
		8B0F76E62B9CE06700F69300 /* CABufferList.h in Headers */ = {isa = PBXBuildFile; fileRef = 8B0F765E2B9CE06700F69300 /* CABufferList.h */; };
		8B0F76E72B9CE06700F69300 /* CASharedLibrary.h in Headers */ = {isa = PBXBuildFile; fileRef = 8B0F765F2B9CE06700F69300 /* CASharedLibrary.h */; };
		8B0F76E82B9CE06700F69300 /* CACFData.h in Headers */ = {isa = PBXBuildFile; fileRef = 8B0F76602B9CE06700F69300 /* CACFData.h */; };
		8B0F76E92B9CE06700F69300 /* CAStreamRangedDescription.cpp in Sources */ = {isa = PBXBuildFile; fileRef = 8B0F76612B9CE06700F69300 /* CAStreamRangedDescription.cpp */; };
		8B0F76EA2B9CE06700F69300 /* CAPThread.cpp in Sources */ = {isa = PBXBuildFile; fileRef = 8B0F76622B9CE06700F69300 /* CAPThread.cpp */; };
		8B0F76EB2B9CE06700F69300 /* CAAutoDisposer.h in Headers */ = {isa = PBXBuildFile; fileRef = 8B0F76632B9CE06700F69300 /* CAAutoDisposer.h */; };
		8B0F76EC2B9CE06700F69300 /* CACFPreferences.h in Headers */ = {isa = PBXBuildFile; fileRef = 8B0F76642B9CE06700F69300 /* CACFPreferences.h */; };
		8B0F76ED2B9CE06700F69300 /* CAVectorUnit.cpp in Sources */ = {isa = PBXBuildFile; fileRef = 8B0F76652B9CE06700F69300 /* CAVectorUnit.cpp */; };
		8B0F76EE2B9CE06700F69300 /* CAComponentDescription.h in Headers */ = {isa = PBXBuildFile; fileRef = 8B0F76662B9CE06700F69300 /* CAComponentDescription.h */; };
		8B0F76EF2B9CE06700F69300 /* CADebugMacros.h in Headers */ = {isa = PBXBuildFile; fileRef = 8B0F76672B9CE06700F69300 /* CADebugMacros.h */; };
		8B0F76F02B9CE06700F69300 /* AUOutputBL.h in Headers */ = {isa = PBXBuildFile; fileRef = 8B0F76682B9CE06700F69300 /* AUOutputBL.h */; };
		8B0F76F12B9CE06700F69300 /* CADebugPrintf.cpp in Sources */ = {isa = PBXBuildFile; fileRef = 8B0F76692B9CE06700F69300 /* CADebugPrintf.cpp */; };
		8B0F76F22B9CE06700F69300 /* CARingBuffer.cpp in Sources */ = {isa = PBXBuildFile; fileRef = 8B0F766A2B9CE06700F69300 /* CARingBuffer.cpp */; };
		8B0F76F32B9CE06700F69300 /* CACFPlugIn.h in Headers */ = {isa = PBXBuildFile; fileRef = 8B0F766B2B9CE06700F69300 /* CACFPlugIn.h */; };
		8B0F76F42B9CE06700F69300 /* CASettingsStorage.cpp in Sources */ = {isa = PBXBuildFile; fileRef = 8B0F766C2B9CE06700F69300 /* CASettingsStorage.cpp */; };
		8B0F76F52B9CE06700F69300 /* CAMixMap.h in Headers */ = {isa = PBXBuildFile; fileRef = 8B0F766D2B9CE06700F69300 /* CAMixMap.h */; };
		8B0F76F62B9CE06700F69300 /* CACFDistributedNotification.h in Headers */ = {isa = PBXBuildFile; fileRef = 8B0F766E2B9CE06700F69300 /* CACFDistributedNotification.h */; };
		8B0F76F72B9CE06700F69300 /* CAFilePathUtils.h in Headers */ = {isa = PBXBuildFile; fileRef = 8B0F766F2B9CE06700F69300 /* CAFilePathUtils.h */; };
		8B0F76F82B9CE06700F69300 /* CATink.h in Headers */ = {isa = PBXBuildFile; fileRef = 8B0F76702B9CE06700F69300 /* CATink.h */; };
		8B0F76F92B9CE06700F69300 /* CAStreamBasicDescription.cpp in Sources */ = {isa = PBXBuildFile; fileRef = 8B0F76712B9CE06700F69300 /* CAStreamBasicDescription.cpp */; };
		8B0F76FA2B9CE06700F69300 /* CAAudioChannelLayout.h in Headers */ = {isa = PBXBuildFile; fileRef = 8B0F76722B9CE06700F69300 /* CAAudioChannelLayout.h */; };
		8B0F76FB2B9CE06700F69300 /* CAProcess.cpp in Sources */ = {isa = PBXBuildFile; fileRef = 8B0F76732B9CE06700F69300 /* CAProcess.cpp */; };
		8B0F76FC2B9CE06700F69300 /* CAHostTimeBase.cpp in Sources */ = {isa = PBXBuildFile; fileRef = 8B0F76742B9CE06700F69300 /* CAHostTimeBase.cpp */; };
		8B0F76FD2B9CE06700F69300 /* CAPersistence.cpp in Sources */ = {isa = PBXBuildFile; fileRef = 8B0F76752B9CE06700F69300 /* CAPersistence.cpp */; };
		8B0F76FE2B9CE06700F69300 /* CAAudioBufferList.cpp in Sources */ = {isa = PBXBuildFile; fileRef = 8B0F76762B9CE06700F69300 /* CAAudioBufferList.cpp */; };
		8B0F76FF2B9CE06700F69300 /* CAAudioTimeStamp.cpp in Sources */ = {isa = PBXBuildFile; fileRef = 8B0F76772B9CE06700F69300 /* CAAudioTimeStamp.cpp */; };
		8B0F77002B9CE06700F69300 /* CAVectorUnit.h in Headers */ = {isa = PBXBuildFile; fileRef = 8B0F76782B9CE06700F69300 /* CAVectorUnit.h */; };
		8B0F77012B9CE06700F69300 /* CAByteOrder.h in Headers */ = {isa = PBXBuildFile; fileRef = 8B0F76792B9CE06700F69300 /* CAByteOrder.h */; };
		8B0F77022B9CE06700F69300 /* CACFArray.h in Headers */ = {isa = PBXBuildFile; fileRef = 8B0F767A2B9CE06700F69300 /* CACFArray.h */; };
		8B0F77032B9CE06700F69300 /* CAAtomicStack.h in Headers */ = {isa = PBXBuildFile; fileRef = 8B0F767B2B9CE06700F69300 /* CAAtomicStack.h */; };
		8B0F77042B9CE06700F69300 /* CAReferenceCounted.h in Headers */ = {isa = PBXBuildFile; fileRef = 8B0F767C2B9CE06700F69300 /* CAReferenceCounted.h */; };
		8B0F77052B9CE06700F69300 /* CACFMachPort.cpp in Sources */ = {isa = PBXBuildFile; fileRef = 8B0F767D2B9CE06700F69300 /* CACFMachPort.cpp */; };
		8B0F77062B9CE06700F69300 /* CABufferList.cpp in Sources */ = {isa = PBXBuildFile; fileRef = 8B0F767E2B9CE06700F69300 /* CABufferList.cpp */; };
		8B0F77072B9CE06700F69300 /* CAMutex.cpp in Sources */ = {isa = PBXBuildFile; fileRef = 8B0F767F2B9CE06700F69300 /* CAMutex.cpp */; };
		8B0F77082B9CE06700F69300 /* CADebugger.cpp in Sources */ = {isa = PBXBuildFile; fileRef = 8B0F76802B9CE06700F69300 /* CADebugger.cpp */; };
		8B0F77092B9CE06700F69300 /* CABundleLocker.cpp in Sources */ = {isa = PBXBuildFile; fileRef = 8B0F76812B9CE06700F69300 /* CABundleLocker.cpp */; };
		8B0F770A2B9CE06700F69300 /* CAAudioFileFormats.cpp in Sources */ = {isa = PBXBuildFile; fileRef = 8B0F76822B9CE06700F69300 /* CAAudioFileFormats.cpp */; };
		8B0F770B2B9CE06700F69300 /* CAMath.h in Headers */ = {isa = PBXBuildFile; fileRef = 8B0F76832B9CE06700F69300 /* CAMath.h */; };
		8B0F770C2B9CE06700F69300 /* CACFArray.cpp in Sources */ = {isa = PBXBuildFile; fileRef = 8B0F76842B9CE06700F69300 /* CACFArray.cpp */; };
		8B0F770D2B9CE06700F69300 /* CACFMessagePort.h in Headers */ = {isa = PBXBuildFile; fileRef = 8B0F76852B9CE06700F69300 /* CACFMessagePort.h */; };
		8B0F770E2B9CE06700F69300 /* CAAudioValueRange.cpp in Sources */ = {isa = PBXBuildFile; fileRef = 8B0F76862B9CE06700F69300 /* CAAudioValueRange.cpp */; };
		8B0F770F2B9CE06700F69300 /* CAAudioUnit.cpp in Sources */ = {isa = PBXBuildFile; fileRef = 8B0F76872B9CE06700F69300 /* CAAudioUnit.cpp */; };
		8B0F77102B9CE06700F69300 /* AUViewLocalizedStringKeys.h in Headers */ = {isa = PBXBuildFile; fileRef = 8B0F768B2B9CE06700F69300 /* AUViewLocalizedStringKeys.h */; };
		8B0F77112B9CE06700F69300 /* ComponentBase.cpp in Sources */ = {isa = PBXBuildFile; fileRef = 8B0F768D2B9CE06700F69300 /* ComponentBase.cpp */; };
		8B0F77122B9CE06700F69300 /* AUScopeElement.cpp in Sources */ = {isa = PBXBuildFile; fileRef = 8B0F768E2B9CE06700F69300 /* AUScopeElement.cpp */; };
		8B0F77132B9CE06700F69300 /* ComponentBase.h in Headers */ = {isa = PBXBuildFile; fileRef = 8B0F768F2B9CE06700F69300 /* ComponentBase.h */; };
		8B0F77142B9CE06700F69300 /* AUBase.cpp in Sources */ = {isa = PBXBuildFile; fileRef = 8B0F76902B9CE06700F69300 /* AUBase.cpp */; };
		8B0F77152B9CE06700F69300 /* AUInputElement.h in Headers */ = {isa = PBXBuildFile; fileRef = 8B0F76912B9CE06700F69300 /* AUInputElement.h */; };
		8B0F77162B9CE06700F69300 /* AUBase.h in Headers */ = {isa = PBXBuildFile; fileRef = 8B0F76922B9CE06700F69300 /* AUBase.h */; };
		8B0F77172B9CE06700F69300 /* AUPlugInDispatch.h in Headers */ = {isa = PBXBuildFile; fileRef = 8B0F76932B9CE06700F69300 /* AUPlugInDispatch.h */; };
		8B0F77182B9CE06700F69300 /* AUDispatch.h in Headers */ = {isa = PBXBuildFile; fileRef = 8B0F76942B9CE06700F69300 /* AUDispatch.h */; };
		8B0F77192B9CE06700F69300 /* AUOutputElement.cpp in Sources */ = {isa = PBXBuildFile; fileRef = 8B0F76952B9CE06700F69300 /* AUOutputElement.cpp */; };
		8B0F771B2B9CE06700F69300 /* AUPlugInDispatch.cpp in Sources */ = {isa = PBXBuildFile; fileRef = 8B0F76972B9CE06700F69300 /* AUPlugInDispatch.cpp */; };
		8B0F771C2B9CE06700F69300 /* AUOutputElement.h in Headers */ = {isa = PBXBuildFile; fileRef = 8B0F76982B9CE06700F69300 /* AUOutputElement.h */; };
		8B0F771D2B9CE06700F69300 /* AUDispatch.cpp in Sources */ = {isa = PBXBuildFile; fileRef = 8B0F76992B9CE06700F69300 /* AUDispatch.cpp */; };
		8B0F771E2B9CE06700F69300 /* AUScopeElement.h in Headers */ = {isa = PBXBuildFile; fileRef = 8B0F769A2B9CE06700F69300 /* AUScopeElement.h */; };
		8B0F771F2B9CE06700F69300 /* AUInputElement.cpp in Sources */ = {isa = PBXBuildFile; fileRef = 8B0F769B2B9CE06700F69300 /* AUInputElement.cpp */; };
		8B0F77202B9CE06700F69300 /* AUEffectBase.cpp in Sources */ = {isa = PBXBuildFile; fileRef = 8B0F769D2B9CE06700F69300 /* AUEffectBase.cpp */; };
		8B0F77212B9CE06700F69300 /* AUEffectBase.h in Headers */ = {isa = PBXBuildFile; fileRef = 8B0F769E2B9CE06700F69300 /* AUEffectBase.h */; };
		8B0F77222B9CE06700F69300 /* AUTimestampGenerator.h in Headers */ = {isa = PBXBuildFile; fileRef = 8B0F76A02B9CE06700F69300 /* AUTimestampGenerator.h */; };
		8B0F77232B9CE06700F69300 /* AUBaseHelper.cpp in Sources */ = {isa = PBXBuildFile; fileRef = 8B0F76A12B9CE06700F69300 /* AUBaseHelper.cpp */; };
		8B0F77242B9CE06700F69300 /* AUSilentTimeout.h in Headers */ = {isa = PBXBuildFile; fileRef = 8B0F76A22B9CE06700F69300 /* AUSilentTimeout.h */; };
		8B0F77252B9CE06700F69300 /* AUInputFormatConverter.h in Headers */ = {isa = PBXBuildFile; fileRef = 8B0F76A32B9CE06700F69300 /* AUInputFormatConverter.h */; };
		8B0F77262B9CE06700F69300 /* AUTimestampGenerator.cpp in Sources */ = {isa = PBXBuildFile; fileRef = 8B0F76A42B9CE06700F69300 /* AUTimestampGenerator.cpp */; };
		8B0F77272B9CE06700F69300 /* AUBuffer.cpp in Sources */ = {isa = PBXBuildFile; fileRef = 8B0F76A52B9CE06700F69300 /* AUBuffer.cpp */; };
		8B0F77282B9CE06700F69300 /* AUMIDIDefs.h in Headers */ = {isa = PBXBuildFile; fileRef = 8B0F76A62B9CE06700F69300 /* AUMIDIDefs.h */; };
		8B0F77292B9CE06700F69300 /* AUBuffer.h in Headers */ = {isa = PBXBuildFile; fileRef = 8B0F76A72B9CE06700F69300 /* AUBuffer.h */; };
		8B0F772A2B9CE06700F69300 /* AUBaseHelper.h in Headers */ = {isa = PBXBuildFile; fileRef = 8B0F76A82B9CE06700F69300 /* AUBaseHelper.h */; };
		8BA05A6B0720730100365D66 /* Air3.cpp in Sources */ = {isa = PBXBuildFile; fileRef = 8BA05A660720730100365D66 /* Air3.cpp */; };
		8BA05A6E0720730100365D66 /* Air3Version.h in Headers */ = {isa = PBXBuildFile; fileRef = 8BA05A690720730100365D66 /* Air3Version.h */; };
		8BA05AFC072074E100365D66 /* AudioToolbox.framework in Frameworks */ = {isa = PBXBuildFile; fileRef = 8BA05AF9072074E100365D66 /* AudioToolbox.framework */; };
		8BA05AFD072074E100365D66 /* AudioUnit.framework in Frameworks */ = {isa = PBXBuildFile; fileRef = 8BA05AFA072074E100365D66 /* AudioUnit.framework */; };
		8BA05B02072074F900365D66 /* CoreServices.framework in Frameworks */ = {isa = PBXBuildFile; fileRef = 8BA05B01072074F900365D66 /* CoreServices.framework */; };
		8BC6025C073B072D006C4272 /* Air3.h in Headers */ = {isa = PBXBuildFile; fileRef = 8BC6025B073B072D006C4272 /* Air3.h */; };
		8D01CCCA0486CAD60068D4B7 /* InfoPlist.strings in Resources */ = {isa = PBXBuildFile; fileRef = 089C167DFE841241C02AAC07 /* InfoPlist.strings */; };
/* End PBXBuildFile section */

/* Begin PBXFileReference section */
		8B0F76212B9CE06700F69300 /* CAExtAudioFile.h */ = {isa = PBXFileReference; fileEncoding = 4; lastKnownFileType = sourcecode.c.h; path = CAExtAudioFile.h; sourceTree = "<group>"; };
		8B0F76222B9CE06700F69300 /* CACFMachPort.h */ = {isa = PBXFileReference; fileEncoding = 4; lastKnownFileType = sourcecode.c.h; path = CACFMachPort.h; sourceTree = "<group>"; };
		8B0F76232B9CE06700F69300 /* CABool.h */ = {isa = PBXFileReference; fileEncoding = 4; lastKnownFileType = sourcecode.c.h; path = CABool.h; sourceTree = "<group>"; };
		8B0F76242B9CE06700F69300 /* CAComponent.cpp */ = {isa = PBXFileReference; fileEncoding = 4; lastKnownFileType = sourcecode.cpp.cpp; path = CAComponent.cpp; sourceTree = "<group>"; };
		8B0F76252B9CE06700F69300 /* CADebugger.h */ = {isa = PBXFileReference; fileEncoding = 4; lastKnownFileType = sourcecode.c.h; path = CADebugger.h; sourceTree = "<group>"; };
		8B0F76262B9CE06700F69300 /* CACFNumber.cpp */ = {isa = PBXFileReference; fileEncoding = 4; lastKnownFileType = sourcecode.cpp.cpp; path = CACFNumber.cpp; sourceTree = "<group>"; };
		8B0F76272B9CE06700F69300 /* CAGuard.h */ = {isa = PBXFileReference; fileEncoding = 4; lastKnownFileType = sourcecode.c.h; path = CAGuard.h; sourceTree = "<group>"; };
		8B0F76282B9CE06700F69300 /* CAAtomic.h */ = {isa = PBXFileReference; fileEncoding = 4; lastKnownFileType = sourcecode.c.h; path = CAAtomic.h; sourceTree = "<group>"; };
		8B0F76292B9CE06700F69300 /* CAStreamBasicDescription.h */ = {isa = PBXFileReference; fileEncoding = 4; lastKnownFileType = sourcecode.c.h; path = CAStreamBasicDescription.h; sourceTree = "<group>"; };
		8B0F762A2B9CE06700F69300 /* CACFObject.h */ = {isa = PBXFileReference; fileEncoding = 4; lastKnownFileType = sourcecode.c.h; path = CACFObject.h; sourceTree = "<group>"; };
		8B0F762B2B9CE06700F69300 /* CAStreamRangedDescription.h */ = {isa = PBXFileReference; fileEncoding = 4; lastKnownFileType = sourcecode.c.h; path = CAStreamRangedDescription.h; sourceTree = "<group>"; };
		8B0F762C2B9CE06700F69300 /* CATokenMap.h */ = {isa = PBXFileReference; fileEncoding = 4; lastKnownFileType = sourcecode.c.h; path = CATokenMap.h; sourceTree = "<group>"; };
		8B0F762D2B9CE06700F69300 /* CAComponent.h */ = {isa = PBXFileReference; fileEncoding = 4; lastKnownFileType = sourcecode.c.h; path = CAComponent.h; sourceTree = "<group>"; };
		8B0F762E2B9CE06700F69300 /* CAAudioBufferList.h */ = {isa = PBXFileReference; fileEncoding = 4; lastKnownFileType = sourcecode.c.h; path = CAAudioBufferList.h; sourceTree = "<group>"; };
		8B0F762F2B9CE06700F69300 /* CAAudioUnit.h */ = {isa = PBXFileReference; fileEncoding = 4; lastKnownFileType = sourcecode.c.h; path = CAAudioUnit.h; sourceTree = "<group>"; };
		8B0F76302B9CE06700F69300 /* CAAUParameter.h */ = {isa = PBXFileReference; fileEncoding = 4; lastKnownFileType = sourcecode.c.h; path = CAAUParameter.h; sourceTree = "<group>"; };
		8B0F76312B9CE06700F69300 /* CAException.h */ = {isa = PBXFileReference; fileEncoding = 4; lastKnownFileType = sourcecode.c.h; path = CAException.h; sourceTree = "<group>"; };
		8B0F76322B9CE06700F69300 /* CAAUProcessor.cpp */ = {isa = PBXFileReference; fileEncoding = 4; lastKnownFileType = sourcecode.cpp.cpp; path = CAAUProcessor.cpp; sourceTree = "<group>"; };
		8B0F76332B9CE06700F69300 /* CAAUProcessor.h */ = {isa = PBXFileReference; fileEncoding = 4; lastKnownFileType = sourcecode.c.h; path = CAAUProcessor.h; sourceTree = "<group>"; };
		8B0F76342B9CE06700F69300 /* CAProcess.h */ = {isa = PBXFileReference; fileEncoding = 4; lastKnownFileType = sourcecode.c.h; path = CAProcess.h; sourceTree = "<group>"; };
		8B0F76352B9CE06700F69300 /* CACFDictionary.h */ = {isa = PBXFileReference; fileEncoding = 4; lastKnownFileType = sourcecode.c.h; path = CACFDictionary.h; sourceTree = "<group>"; };
		8B0F76362B9CE06700F69300 /* CAPThread.h */ = {isa = PBXFileReference; fileEncoding = 4; lastKnownFileType = sourcecode.c.h; path = CAPThread.h; sourceTree = "<group>"; };
		8B0F76372B9CE06700F69300 /* CAAUParameter.cpp */ = {isa = PBXFileReference; fileEncoding = 4; lastKnownFileType = sourcecode.cpp.cpp; path = CAAUParameter.cpp; sourceTree = "<group>"; };
		8B0F76382B9CE06700F69300 /* CAAudioTimeStamp.h */ = {isa = PBXFileReference; fileEncoding = 4; lastKnownFileType = sourcecode.c.h; path = CAAudioTimeStamp.h; sourceTree = "<group>"; };
		8B0F76392B9CE06700F69300 /* CAFilePathUtils.cpp */ = {isa = PBXFileReference; fileEncoding = 4; lastKnownFileType = sourcecode.cpp.cpp; path = CAFilePathUtils.cpp; sourceTree = "<group>"; };
		8B0F763A2B9CE06700F69300 /* CAAudioValueRange.h */ = {isa = PBXFileReference; fileEncoding = 4; lastKnownFileType = sourcecode.c.h; path = CAAudioValueRange.h; sourceTree = "<group>"; };
		8B0F763B2B9CE06700F69300 /* CAVectorUnitTypes.h */ = {isa = PBXFileReference; fileEncoding = 4; lastKnownFileType = sourcecode.c.h; path = CAVectorUnitTypes.h; sourceTree = "<group>"; };
		8B0F763C2B9CE06700F69300 /* CAAudioChannelLayoutObject.cpp */ = {isa = PBXFileReference; fileEncoding = 4; lastKnownFileType = sourcecode.cpp.cpp; path = CAAudioChannelLayoutObject.cpp; sourceTree = "<group>"; };
		8B0F763D2B9CE06700F69300 /* CAGuard.cpp */ = {isa = PBXFileReference; fileEncoding = 4; lastKnownFileType = sourcecode.cpp.cpp; path = CAGuard.cpp; sourceTree = "<group>"; };
		8B0F763E2B9CE06700F69300 /* CACFNumber.h */ = {isa = PBXFileReference; fileEncoding = 4; lastKnownFileType = sourcecode.c.h; path = CACFNumber.h; sourceTree = "<group>"; };
		8B0F763F2B9CE06700F69300 /* CACFDistributedNotification.cpp */ = {isa = PBXFileReference; fileEncoding = 4; lastKnownFileType = sourcecode.cpp.cpp; path = CACFDistributedNotification.cpp; sourceTree = "<group>"; };
		8B0F76402B9CE06700F69300 /* CACFString.h */ = {isa = PBXFileReference; fileEncoding = 4; lastKnownFileType = sourcecode.c.h; path = CACFString.h; sourceTree = "<group>"; };
		8B0F76412B9CE06700F69300 /* CAAUMIDIMapManager.cpp */ = {isa = PBXFileReference; fileEncoding = 4; lastKnownFileType = sourcecode.cpp.cpp; path = CAAUMIDIMapManager.cpp; sourceTree = "<group>"; };
		8B0F76422B9CE06700F69300 /* CAComponentDescription.cpp */ = {isa = PBXFileReference; fileEncoding = 4; lastKnownFileType = sourcecode.cpp.cpp; path = CAComponentDescription.cpp; sourceTree = "<group>"; };
		8B0F76432B9CE06700F69300 /* CAHostTimeBase.h */ = {isa = PBXFileReference; fileEncoding = 4; lastKnownFileType = sourcecode.c.h; path = CAHostTimeBase.h; sourceTree = "<group>"; };
		8B0F76442B9CE06700F69300 /* CADebugMacros.cpp */ = {isa = PBXFileReference; fileEncoding = 4; lastKnownFileType = sourcecode.cpp.cpp; path = CADebugMacros.cpp; sourceTree = "<group>"; };
		8B0F76452B9CE06700F69300 /* CAAudioFileFormats.h */ = {isa = PBXFileReference; fileEncoding = 4; lastKnownFileType = sourcecode.c.h; path = CAAudioFileFormats.h; sourceTree = "<group>"; };
		8B0F76462B9CE06700F69300 /* CAAUMIDIMapManager.h */ = {isa = PBXFileReference; fileEncoding = 4; lastKnownFileType = sourcecode.c.h; path = CAAUMIDIMapManager.h; sourceTree = "<group>"; };
		8B0F76472B9CE06700F69300 /* CACFDictionary.cpp */ = {isa = PBXFileReference; fileEncoding = 4; lastKnownFileType = sourcecode.cpp.cpp; path = CACFDictionary.cpp; sourceTree = "<group>"; };
		8B0F76482B9CE06700F69300 /* CAMutex.h */ = {isa = PBXFileReference; fileEncoding = 4; lastKnownFileType = sourcecode.c.h; path = CAMutex.h; sourceTree = "<group>"; };
		8B0F76492B9CE06700F69300 /* CACFString.cpp */ = {isa = PBXFileReference; fileEncoding = 4; lastKnownFileType = sourcecode.cpp.cpp; path = CACFString.cpp; sourceTree = "<group>"; };
		8B0F764A2B9CE06700F69300 /* CASettingsStorage.h */ = {isa = PBXFileReference; fileEncoding = 4; lastKnownFileType = sourcecode.c.h; path = CASettingsStorage.h; sourceTree = "<group>"; };
		8B0F764B2B9CE06700F69300 /* CADebugPrintf.h */ = {isa = PBXFileReference; fileEncoding = 4; lastKnownFileType = sourcecode.c.h; path = CADebugPrintf.h; sourceTree = "<group>"; };
		8B0F764C2B9CE06700F69300 /* CAXException.cpp */ = {isa = PBXFileReference; fileEncoding = 4; lastKnownFileType = sourcecode.cpp.cpp; path = CAXException.cpp; sourceTree = "<group>"; };
		8B0F764D2B9CE06700F69300 /* CAAUMIDIMap.h */ = {isa = PBXFileReference; fileEncoding = 4; lastKnownFileType = sourcecode.c.h; path = CAAUMIDIMap.h; sourceTree = "<group>"; };
		8B0F764E2B9CE06700F69300 /* AUParamInfo.h */ = {isa = PBXFileReference; fileEncoding = 4; lastKnownFileType = sourcecode.c.h; path = AUParamInfo.h; sourceTree = "<group>"; };
		8B0F764F2B9CE06700F69300 /* CABitOperations.h */ = {isa = PBXFileReference; fileEncoding = 4; lastKnownFileType = sourcecode.c.h; path = CABitOperations.h; sourceTree = "<group>"; };
		8B0F76502B9CE06700F69300 /* CACFPreferences.cpp */ = {isa = PBXFileReference; fileEncoding = 4; lastKnownFileType = sourcecode.cpp.cpp; path = CACFPreferences.cpp; sourceTree = "<group>"; };
		8B0F76512B9CE06700F69300 /* CABundleLocker.h */ = {isa = PBXFileReference; fileEncoding = 4; lastKnownFileType = sourcecode.c.h; path = CABundleLocker.h; sourceTree = "<group>"; };
		8B0F76522B9CE06700F69300 /* CAPropertyAddress.h */ = {isa = PBXFileReference; fileEncoding = 4; lastKnownFileType = sourcecode.c.h; path = CAPropertyAddress.h; sourceTree = "<group>"; };
		8B0F76532B9CE06700F69300 /* CAXException.h */ = {isa = PBXFileReference; fileEncoding = 4; lastKnownFileType = sourcecode.c.h; path = CAXException.h; sourceTree = "<group>"; };
		8B0F76542B9CE06700F69300 /* CAAudioChannelLayout.cpp */ = {isa = PBXFileReference; fileEncoding = 4; lastKnownFileType = sourcecode.cpp.cpp; path = CAAudioChannelLayout.cpp; sourceTree = "<group>"; };
		8B0F76552B9CE06700F69300 /* CAThreadSafeList.h */ = {isa = PBXFileReference; fileEncoding = 4; lastKnownFileType = sourcecode.c.h; path = CAThreadSafeList.h; sourceTree = "<group>"; };
		8B0F76562B9CE06700F69300 /* CAAudioUnitOutputCapturer.h */ = {isa = PBXFileReference; fileEncoding = 4; lastKnownFileType = sourcecode.c.h; path = CAAudioUnitOutputCapturer.h; sourceTree = "<group>"; };
		8B0F76572B9CE06700F69300 /* AUParamInfo.cpp */ = {isa = PBXFileReference; fileEncoding = 4; lastKnownFileType = sourcecode.cpp.cpp; path = AUParamInfo.cpp; sourceTree = "<group>"; };
		8B0F76582B9CE06700F69300 /* CASharedLibrary.cpp */ = {isa = PBXFileReference; fileEncoding = 4; lastKnownFileType = sourcecode.cpp.cpp; path = CASharedLibrary.cpp; sourceTree = "<group>"; };
		8B0F76592B9CE06700F69300 /* CAAUMIDIMap.cpp */ = {isa = PBXFileReference; fileEncoding = 4; lastKnownFileType = sourcecode.cpp.cpp; path = CAAUMIDIMap.cpp; sourceTree = "<group>"; };
		8B0F765A2B9CE06700F69300 /* CALogMacros.h */ = {isa = PBXFileReference; fileEncoding = 4; lastKnownFileType = sourcecode.c.h; path = CALogMacros.h; sourceTree = "<group>"; };
		8B0F765B2B9CE06700F69300 /* CACFMessagePort.cpp */ = {isa = PBXFileReference; fileEncoding = 4; lastKnownFileType = sourcecode.cpp.cpp; path = CACFMessagePort.cpp; sourceTree = "<group>"; };
		8B0F765C2B9CE06700F69300 /* CARingBuffer.h */ = {isa = PBXFileReference; fileEncoding = 4; lastKnownFileType = sourcecode.c.h; path = CARingBuffer.h; sourceTree = "<group>"; };
		8B0F765D2B9CE06700F69300 /* AUOutputBL.cpp */ = {isa = PBXFileReference; fileEncoding = 4; lastKnownFileType = sourcecode.cpp.cpp; path = AUOutputBL.cpp; sourceTree = "<group>"; };
		8B0F765E2B9CE06700F69300 /* CABufferList.h */ = {isa = PBXFileReference; fileEncoding = 4; lastKnownFileType = sourcecode.c.h; path = CABufferList.h; sourceTree = "<group>"; };
		8B0F765F2B9CE06700F69300 /* CASharedLibrary.h */ = {isa = PBXFileReference; fileEncoding = 4; lastKnownFileType = sourcecode.c.h; path = CASharedLibrary.h; sourceTree = "<group>"; };
		8B0F76602B9CE06700F69300 /* CACFData.h */ = {isa = PBXFileReference; fileEncoding = 4; lastKnownFileType = sourcecode.c.h; path = CACFData.h; sourceTree = "<group>"; };
		8B0F76612B9CE06700F69300 /* CAStreamRangedDescription.cpp */ = {isa = PBXFileReference; fileEncoding = 4; lastKnownFileType = sourcecode.cpp.cpp; path = CAStreamRangedDescription.cpp; sourceTree = "<group>"; };
		8B0F76622B9CE06700F69300 /* CAPThread.cpp */ = {isa = PBXFileReference; fileEncoding = 4; lastKnownFileType = sourcecode.cpp.cpp; path = CAPThread.cpp; sourceTree = "<group>"; };
		8B0F76632B9CE06700F69300 /* CAAutoDisposer.h */ = {isa = PBXFileReference; fileEncoding = 4; lastKnownFileType = sourcecode.c.h; path = CAAutoDisposer.h; sourceTree = "<group>"; };
		8B0F76642B9CE06700F69300 /* CACFPreferences.h */ = {isa = PBXFileReference; fileEncoding = 4; lastKnownFileType = sourcecode.c.h; path = CACFPreferences.h; sourceTree = "<group>"; };
		8B0F76652B9CE06700F69300 /* CAVectorUnit.cpp */ = {isa = PBXFileReference; fileEncoding = 4; lastKnownFileType = sourcecode.cpp.cpp; path = CAVectorUnit.cpp; sourceTree = "<group>"; };
		8B0F76662B9CE06700F69300 /* CAComponentDescription.h */ = {isa = PBXFileReference; fileEncoding = 4; lastKnownFileType = sourcecode.c.h; path = CAComponentDescription.h; sourceTree = "<group>"; };
		8B0F76672B9CE06700F69300 /* CADebugMacros.h */ = {isa = PBXFileReference; fileEncoding = 4; lastKnownFileType = sourcecode.c.h; path = CADebugMacros.h; sourceTree = "<group>"; };
		8B0F76682B9CE06700F69300 /* AUOutputBL.h */ = {isa = PBXFileReference; fileEncoding = 4; lastKnownFileType = sourcecode.c.h; path = AUOutputBL.h; sourceTree = "<group>"; };
		8B0F76692B9CE06700F69300 /* CADebugPrintf.cpp */ = {isa = PBXFileReference; fileEncoding = 4; lastKnownFileType = sourcecode.cpp.cpp; path = CADebugPrintf.cpp; sourceTree = "<group>"; };
		8B0F766A2B9CE06700F69300 /* CARingBuffer.cpp */ = {isa = PBXFileReference; fileEncoding = 4; lastKnownFileType = sourcecode.cpp.cpp; path = CARingBuffer.cpp; sourceTree = "<group>"; };
		8B0F766B2B9CE06700F69300 /* CACFPlugIn.h */ = {isa = PBXFileReference; fileEncoding = 4; lastKnownFileType = sourcecode.c.h; path = CACFPlugIn.h; sourceTree = "<group>"; };
		8B0F766C2B9CE06700F69300 /* CASettingsStorage.cpp */ = {isa = PBXFileReference; fileEncoding = 4; lastKnownFileType = sourcecode.cpp.cpp; path = CASettingsStorage.cpp; sourceTree = "<group>"; };
		8B0F766D2B9CE06700F69300 /* CAMixMap.h */ = {isa = PBXFileReference; fileEncoding = 4; lastKnownFileType = sourcecode.c.h; path = CAMixMap.h; sourceTree = "<group>"; };
		8B0F766E2B9CE06700F69300 /* CACFDistributedNotification.h */ = {isa = PBXFileReference; fileEncoding = 4; lastKnownFileType = sourcecode.c.h; path = CACFDistributedNotification.h; sourceTree = "<group>"; };
		8B0F766F2B9CE06700F69300 /* CAFilePathUtils.h */ = {isa = PBXFileReference; fileEncoding = 4; lastKnownFileType = sourcecode.c.h; path = CAFilePathUtils.h; sourceTree = "<group>"; };
		8B0F76702B9CE06700F69300 /* CATink.h */ = {isa = PBXFileReference; fileEncoding = 4; lastKnownFileType = sourcecode.c.h; path = CATink.h; sourceTree = "<group>"; };
		8B0F76712B9CE06700F69300 /* CAStreamBasicDescription.cpp */ = {isa = PBXFileReference; fileEncoding = 4; lastKnownFileType = sourcecode.cpp.cpp; path = CAStreamBasicDescription.cpp; sourceTree = "<group>"; };
		8B0F76722B9CE06700F69300 /* CAAudioChannelLayout.h */ = {isa = PBXFileReference; fileEncoding = 4; lastKnownFileType = sourcecode.c.h; path = CAAudioChannelLayout.h; sourceTree = "<group>"; };
		8B0F76732B9CE06700F69300 /* CAProcess.cpp */ = {isa = PBXFileReference; fileEncoding = 4; lastKnownFileType = sourcecode.cpp.cpp; path = CAProcess.cpp; sourceTree = "<group>"; };
		8B0F76742B9CE06700F69300 /* CAHostTimeBase.cpp */ = {isa = PBXFileReference; fileEncoding = 4; lastKnownFileType = sourcecode.cpp.cpp; path = CAHostTimeBase.cpp; sourceTree = "<group>"; };
		8B0F76752B9CE06700F69300 /* CAPersistence.cpp */ = {isa = PBXFileReference; fileEncoding = 4; lastKnownFileType = sourcecode.cpp.cpp; path = CAPersistence.cpp; sourceTree = "<group>"; };
		8B0F76762B9CE06700F69300 /* CAAudioBufferList.cpp */ = {isa = PBXFileReference; fileEncoding = 4; lastKnownFileType = sourcecode.cpp.cpp; path = CAAudioBufferList.cpp; sourceTree = "<group>"; };
		8B0F76772B9CE06700F69300 /* CAAudioTimeStamp.cpp */ = {isa = PBXFileReference; fileEncoding = 4; lastKnownFileType = sourcecode.cpp.cpp; path = CAAudioTimeStamp.cpp; sourceTree = "<group>"; };
		8B0F76782B9CE06700F69300 /* CAVectorUnit.h */ = {isa = PBXFileReference; fileEncoding = 4; lastKnownFileType = sourcecode.c.h; path = CAVectorUnit.h; sourceTree = "<group>"; };
		8B0F76792B9CE06700F69300 /* CAByteOrder.h */ = {isa = PBXFileReference; fileEncoding = 4; lastKnownFileType = sourcecode.c.h; path = CAByteOrder.h; sourceTree = "<group>"; };
		8B0F767A2B9CE06700F69300 /* CACFArray.h */ = {isa = PBXFileReference; fileEncoding = 4; lastKnownFileType = sourcecode.c.h; path = CACFArray.h; sourceTree = "<group>"; };
		8B0F767B2B9CE06700F69300 /* CAAtomicStack.h */ = {isa = PBXFileReference; fileEncoding = 4; lastKnownFileType = sourcecode.c.h; path = CAAtomicStack.h; sourceTree = "<group>"; };
		8B0F767C2B9CE06700F69300 /* CAReferenceCounted.h */ = {isa = PBXFileReference; fileEncoding = 4; lastKnownFileType = sourcecode.c.h; path = CAReferenceCounted.h; sourceTree = "<group>"; };
		8B0F767D2B9CE06700F69300 /* CACFMachPort.cpp */ = {isa = PBXFileReference; fileEncoding = 4; lastKnownFileType = sourcecode.cpp.cpp; path = CACFMachPort.cpp; sourceTree = "<group>"; };
		8B0F767E2B9CE06700F69300 /* CABufferList.cpp */ = {isa = PBXFileReference; fileEncoding = 4; lastKnownFileType = sourcecode.cpp.cpp; path = CABufferList.cpp; sourceTree = "<group>"; };
		8B0F767F2B9CE06700F69300 /* CAMutex.cpp */ = {isa = PBXFileReference; fileEncoding = 4; lastKnownFileType = sourcecode.cpp.cpp; path = CAMutex.cpp; sourceTree = "<group>"; };
		8B0F76802B9CE06700F69300 /* CADebugger.cpp */ = {isa = PBXFileReference; fileEncoding = 4; lastKnownFileType = sourcecode.cpp.cpp; path = CADebugger.cpp; sourceTree = "<group>"; };
		8B0F76812B9CE06700F69300 /* CABundleLocker.cpp */ = {isa = PBXFileReference; fileEncoding = 4; lastKnownFileType = sourcecode.cpp.cpp; path = CABundleLocker.cpp; sourceTree = "<group>"; };
		8B0F76822B9CE06700F69300 /* CAAudioFileFormats.cpp */ = {isa = PBXFileReference; fileEncoding = 4; lastKnownFileType = sourcecode.cpp.cpp; path = CAAudioFileFormats.cpp; sourceTree = "<group>"; };
		8B0F76832B9CE06700F69300 /* CAMath.h */ = {isa = PBXFileReference; fileEncoding = 4; lastKnownFileType = sourcecode.c.h; path = CAMath.h; sourceTree = "<group>"; };
		8B0F76842B9CE06700F69300 /* CACFArray.cpp */ = {isa = PBXFileReference; fileEncoding = 4; lastKnownFileType = sourcecode.cpp.cpp; path = CACFArray.cpp; sourceTree = "<group>"; };
		8B0F76852B9CE06700F69300 /* CACFMessagePort.h */ = {isa = PBXFileReference; fileEncoding = 4; lastKnownFileType = sourcecode.c.h; path = CACFMessagePort.h; sourceTree = "<group>"; };
		8B0F76862B9CE06700F69300 /* CAAudioValueRange.cpp */ = {isa = PBXFileReference; fileEncoding = 4; lastKnownFileType = sourcecode.cpp.cpp; path = CAAudioValueRange.cpp; sourceTree = "<group>"; };
		8B0F76872B9CE06700F69300 /* CAAudioUnit.cpp */ = {isa = PBXFileReference; fileEncoding = 4; lastKnownFileType = sourcecode.cpp.cpp; path = CAAudioUnit.cpp; sourceTree = "<group>"; };
		8B0F768B2B9CE06700F69300 /* AUViewLocalizedStringKeys.h */ = {isa = PBXFileReference; fileEncoding = 4; lastKnownFileType = sourcecode.c.h; path = AUViewLocalizedStringKeys.h; sourceTree = "<group>"; };
		8B0F768D2B9CE06700F69300 /* ComponentBase.cpp */ = {isa = PBXFileReference; fileEncoding = 4; lastKnownFileType = sourcecode.cpp.cpp; path = ComponentBase.cpp; sourceTree = "<group>"; };
		8B0F768E2B9CE06700F69300 /* AUScopeElement.cpp */ = {isa = PBXFileReference; fileEncoding = 4; lastKnownFileType = sourcecode.cpp.cpp; path = AUScopeElement.cpp; sourceTree = "<group>"; };
		8B0F768F2B9CE06700F69300 /* ComponentBase.h */ = {isa = PBXFileReference; fileEncoding = 4; lastKnownFileType = sourcecode.c.h; path = ComponentBase.h; sourceTree = "<group>"; };
		8B0F76902B9CE06700F69300 /* AUBase.cpp */ = {isa = PBXFileReference; fileEncoding = 4; lastKnownFileType = sourcecode.cpp.cpp; path = AUBase.cpp; sourceTree = "<group>"; };
		8B0F76912B9CE06700F69300 /* AUInputElement.h */ = {isa = PBXFileReference; fileEncoding = 4; lastKnownFileType = sourcecode.c.h; path = AUInputElement.h; sourceTree = "<group>"; };
		8B0F76922B9CE06700F69300 /* AUBase.h */ = {isa = PBXFileReference; fileEncoding = 4; lastKnownFileType = sourcecode.c.h; path = AUBase.h; sourceTree = "<group>"; };
		8B0F76932B9CE06700F69300 /* AUPlugInDispatch.h */ = {isa = PBXFileReference; fileEncoding = 4; lastKnownFileType = sourcecode.c.h; path = AUPlugInDispatch.h; sourceTree = "<group>"; };
		8B0F76942B9CE06700F69300 /* AUDispatch.h */ = {isa = PBXFileReference; fileEncoding = 4; lastKnownFileType = sourcecode.c.h; path = AUDispatch.h; sourceTree = "<group>"; };
		8B0F76952B9CE06700F69300 /* AUOutputElement.cpp */ = {isa = PBXFileReference; fileEncoding = 4; lastKnownFileType = sourcecode.cpp.cpp; path = AUOutputElement.cpp; sourceTree = "<group>"; };
		8B0F76962B9CE06700F69300 /* AUResources.r */ = {isa = PBXFileReference; fileEncoding = 4; lastKnownFileType = sourcecode.rez; path = AUResources.r; sourceTree = "<group>"; };
		8B0F76972B9CE06700F69300 /* AUPlugInDispatch.cpp */ = {isa = PBXFileReference; fileEncoding = 4; lastKnownFileType = sourcecode.cpp.cpp; path = AUPlugInDispatch.cpp; sourceTree = "<group>"; };
		8B0F76982B9CE06700F69300 /* AUOutputElement.h */ = {isa = PBXFileReference; fileEncoding = 4; lastKnownFileType = sourcecode.c.h; path = AUOutputElement.h; sourceTree = "<group>"; };
		8B0F76992B9CE06700F69300 /* AUDispatch.cpp */ = {isa = PBXFileReference; fileEncoding = 4; lastKnownFileType = sourcecode.cpp.cpp; path = AUDispatch.cpp; sourceTree = "<group>"; };
		8B0F769A2B9CE06700F69300 /* AUScopeElement.h */ = {isa = PBXFileReference; fileEncoding = 4; lastKnownFileType = sourcecode.c.h; path = AUScopeElement.h; sourceTree = "<group>"; };
		8B0F769B2B9CE06700F69300 /* AUInputElement.cpp */ = {isa = PBXFileReference; fileEncoding = 4; lastKnownFileType = sourcecode.cpp.cpp; path = AUInputElement.cpp; sourceTree = "<group>"; };
		8B0F769D2B9CE06700F69300 /* AUEffectBase.cpp */ = {isa = PBXFileReference; fileEncoding = 4; lastKnownFileType = sourcecode.cpp.cpp; path = AUEffectBase.cpp; sourceTree = "<group>"; };
		8B0F769E2B9CE06700F69300 /* AUEffectBase.h */ = {isa = PBXFileReference; fileEncoding = 4; lastKnownFileType = sourcecode.c.h; path = AUEffectBase.h; sourceTree = "<group>"; };
		8B0F76A02B9CE06700F69300 /* AUTimestampGenerator.h */ = {isa = PBXFileReference; fileEncoding = 4; lastKnownFileType = sourcecode.c.h; path = AUTimestampGenerator.h; sourceTree = "<group>"; };
		8B0F76A12B9CE06700F69300 /* AUBaseHelper.cpp */ = {isa = PBXFileReference; fileEncoding = 4; lastKnownFileType = sourcecode.cpp.cpp; path = AUBaseHelper.cpp; sourceTree = "<group>"; };
		8B0F76A22B9CE06700F69300 /* AUSilentTimeout.h */ = {isa = PBXFileReference; fileEncoding = 4; lastKnownFileType = sourcecode.c.h; path = AUSilentTimeout.h; sourceTree = "<group>"; };
		8B0F76A32B9CE06700F69300 /* AUInputFormatConverter.h */ = {isa = PBXFileReference; fileEncoding = 4; lastKnownFileType = sourcecode.c.h; path = AUInputFormatConverter.h; sourceTree = "<group>"; };
		8B0F76A42B9CE06700F69300 /* AUTimestampGenerator.cpp */ = {isa = PBXFileReference; fileEncoding = 4; lastKnownFileType = sourcecode.cpp.cpp; path = AUTimestampGenerator.cpp; sourceTree = "<group>"; };
		8B0F76A52B9CE06700F69300 /* AUBuffer.cpp */ = {isa = PBXFileReference; fileEncoding = 4; lastKnownFileType = sourcecode.cpp.cpp; path = AUBuffer.cpp; sourceTree = "<group>"; };
		8B0F76A62B9CE06700F69300 /* AUMIDIDefs.h */ = {isa = PBXFileReference; fileEncoding = 4; lastKnownFileType = sourcecode.c.h; path = AUMIDIDefs.h; sourceTree = "<group>"; };
		8B0F76A72B9CE06700F69300 /* AUBuffer.h */ = {isa = PBXFileReference; fileEncoding = 4; lastKnownFileType = sourcecode.c.h; path = AUBuffer.h; sourceTree = "<group>"; };
		8B0F76A82B9CE06700F69300 /* AUBaseHelper.h */ = {isa = PBXFileReference; fileEncoding = 4; lastKnownFileType = sourcecode.c.h; path = AUBaseHelper.h; sourceTree = "<group>"; };
		8B0F772B2B9CE11000F69300 /* en */ = {isa = PBXFileReference; lastKnownFileType = text.plist.strings; name = en; path = en.lproj/InfoPlist.strings; sourceTree = "<group>"; };
		8B5C7FBF076FB2C200A15F61 /* CoreAudio.framework */ = {isa = PBXFileReference; lastKnownFileType = wrapper.framework; name = CoreAudio.framework; path = /System/Library/Frameworks/CoreAudio.framework; sourceTree = "<absolute>"; };
		8BA05A660720730100365D66 /* Air3.cpp */ = {isa = PBXFileReference; fileEncoding = 30; lastKnownFileType = sourcecode.cpp.cpp; path = Air3.cpp; sourceTree = "<group>"; };
		8BA05A670720730100365D66 /* Air3.exp */ = {isa = PBXFileReference; fileEncoding = 30; lastKnownFileType = sourcecode.exports; path = Air3.exp; sourceTree = "<group>"; };
		8BA05A680720730100365D66 /* Air3.r */ = {isa = PBXFileReference; fileEncoding = 30; lastKnownFileType = sourcecode.rez; path = Air3.r; sourceTree = "<group>"; };
		8BA05A690720730100365D66 /* Air3Version.h */ = {isa = PBXFileReference; fileEncoding = 30; lastKnownFileType = sourcecode.c.h; path = Air3Version.h; sourceTree = "<group>"; };
		8BA05AF9072074E100365D66 /* AudioToolbox.framework */ = {isa = PBXFileReference; lastKnownFileType = wrapper.framework; name = AudioToolbox.framework; path = /System/Library/Frameworks/AudioToolbox.framework; sourceTree = "<absolute>"; };
		8BA05AFA072074E100365D66 /* AudioUnit.framework */ = {isa = PBXFileReference; lastKnownFileType = wrapper.framework; name = AudioUnit.framework; path = /System/Library/Frameworks/AudioUnit.framework; sourceTree = "<absolute>"; };
		8BA05B01072074F900365D66 /* CoreServices.framework */ = {isa = PBXFileReference; lastKnownFileType = wrapper.framework; name = CoreServices.framework; path = /System/Library/Frameworks/CoreServices.framework; sourceTree = "<absolute>"; };
		8BC6025B073B072D006C4272 /* Air3.h */ = {isa = PBXFileReference; fileEncoding = 30; lastKnownFileType = sourcecode.c.h; path = Air3.h; sourceTree = "<group>"; };
		8D01CCD10486CAD60068D4B7 /* Info.plist */ = {isa = PBXFileReference; fileEncoding = 4; lastKnownFileType = text.plist; path = Info.plist; sourceTree = "<group>"; };
		8D01CCD20486CAD60068D4B7 /* Air3.component */ = {isa = PBXFileReference; explicitFileType = wrapper.cfbundle; includeInIndex = 0; path = Air3.component; sourceTree = BUILT_PRODUCTS_DIR; };
/* End PBXFileReference section */

/* Begin PBXFrameworksBuildPhase section */
		8D01CCCD0486CAD60068D4B7 /* Frameworks */ = {
			isa = PBXFrameworksBuildPhase;
			buildActionMask = 2147483647;
			files = (
				8BA05AFC072074E100365D66 /* AudioToolbox.framework in Frameworks */,
				8BA05AFD072074E100365D66 /* AudioUnit.framework in Frameworks */,
				8BA05B02072074F900365D66 /* CoreServices.framework in Frameworks */,
			);
			runOnlyForDeploymentPostprocessing = 0;
		};
/* End PBXFrameworksBuildPhase section */

/* Begin PBXGroup section */
		089C166AFE841209C02AAC07 /* Air3 */ = {
			isa = PBXGroup;
			children = (
				08FB77ADFE841716C02AAC07 /* Source */,
				089C167CFE841241C02AAC07 /* Resources */,
				089C1671FE841209C02AAC07 /* External Frameworks and Libraries */,
				19C28FB4FE9D528D11CA2CBB /* Products */,
			);
			name = Air3;
			sourceTree = "<group>";
		};
		089C1671FE841209C02AAC07 /* External Frameworks and Libraries */ = {
			isa = PBXGroup;
			children = (
				8B5C7FBF076FB2C200A15F61 /* CoreAudio.framework */,
				8BA05B01072074F900365D66 /* CoreServices.framework */,
				8BA05AF9072074E100365D66 /* AudioToolbox.framework */,
				8BA05AFA072074E100365D66 /* AudioUnit.framework */,
			);
			name = "External Frameworks and Libraries";
			sourceTree = "<group>";
		};
		089C167CFE841241C02AAC07 /* Resources */ = {
			isa = PBXGroup;
			children = (
				8D01CCD10486CAD60068D4B7 /* Info.plist */,
				089C167DFE841241C02AAC07 /* InfoPlist.strings */,
			);
			name = Resources;
			sourceTree = "<group>";
		};
		08FB77ADFE841716C02AAC07 /* Source */ = {
			isa = PBXGroup;
			children = (
				8B0F761F2B9CE06700F69300 /* CA_SDK */,
				8BA05A56072072A900365D66 /* AU Source */,
			);
			name = Source;
			sourceTree = "<group>";
		};
		19C28FB4FE9D528D11CA2CBB /* Products */ = {
			isa = PBXGroup;
			children = (
				8D01CCD20486CAD60068D4B7 /* Air3.component */,
			);
			name = Products;
			sourceTree = "<group>";
		};
		8B0F761F2B9CE06700F69300 /* CA_SDK */ = {
			isa = PBXGroup;
			children = (
				8B0F76202B9CE06700F69300 /* PublicUtility */,
				8B0F76882B9CE06700F69300 /* AudioUnits */,
			);
			name = CA_SDK;
			path = ../../../../CA_SDK;
			sourceTree = "<group>";
		};
		8B0F76202B9CE06700F69300 /* PublicUtility */ = {
			isa = PBXGroup;
			children = (
				8B0F76212B9CE06700F69300 /* CAExtAudioFile.h */,
				8B0F76222B9CE06700F69300 /* CACFMachPort.h */,
				8B0F76232B9CE06700F69300 /* CABool.h */,
				8B0F76242B9CE06700F69300 /* CAComponent.cpp */,
				8B0F76252B9CE06700F69300 /* CADebugger.h */,
				8B0F76262B9CE06700F69300 /* CACFNumber.cpp */,
				8B0F76272B9CE06700F69300 /* CAGuard.h */,
				8B0F76282B9CE06700F69300 /* CAAtomic.h */,
				8B0F76292B9CE06700F69300 /* CAStreamBasicDescription.h */,
				8B0F762A2B9CE06700F69300 /* CACFObject.h */,
				8B0F762B2B9CE06700F69300 /* CAStreamRangedDescription.h */,
				8B0F762C2B9CE06700F69300 /* CATokenMap.h */,
				8B0F762D2B9CE06700F69300 /* CAComponent.h */,
				8B0F762E2B9CE06700F69300 /* CAAudioBufferList.h */,
				8B0F762F2B9CE06700F69300 /* CAAudioUnit.h */,
				8B0F76302B9CE06700F69300 /* CAAUParameter.h */,
				8B0F76312B9CE06700F69300 /* CAException.h */,
				8B0F76322B9CE06700F69300 /* CAAUProcessor.cpp */,
				8B0F76332B9CE06700F69300 /* CAAUProcessor.h */,
				8B0F76342B9CE06700F69300 /* CAProcess.h */,
				8B0F76352B9CE06700F69300 /* CACFDictionary.h */,
				8B0F76362B9CE06700F69300 /* CAPThread.h */,
				8B0F76372B9CE06700F69300 /* CAAUParameter.cpp */,
				8B0F76382B9CE06700F69300 /* CAAudioTimeStamp.h */,
				8B0F76392B9CE06700F69300 /* CAFilePathUtils.cpp */,
				8B0F763A2B9CE06700F69300 /* CAAudioValueRange.h */,
				8B0F763B2B9CE06700F69300 /* CAVectorUnitTypes.h */,
				8B0F763C2B9CE06700F69300 /* CAAudioChannelLayoutObject.cpp */,
				8B0F763D2B9CE06700F69300 /* CAGuard.cpp */,
				8B0F763E2B9CE06700F69300 /* CACFNumber.h */,
				8B0F763F2B9CE06700F69300 /* CACFDistributedNotification.cpp */,
				8B0F76402B9CE06700F69300 /* CACFString.h */,
				8B0F76412B9CE06700F69300 /* CAAUMIDIMapManager.cpp */,
				8B0F76422B9CE06700F69300 /* CAComponentDescription.cpp */,
				8B0F76432B9CE06700F69300 /* CAHostTimeBase.h */,
				8B0F76442B9CE06700F69300 /* CADebugMacros.cpp */,
				8B0F76452B9CE06700F69300 /* CAAudioFileFormats.h */,
				8B0F76462B9CE06700F69300 /* CAAUMIDIMapManager.h */,
				8B0F76472B9CE06700F69300 /* CACFDictionary.cpp */,
				8B0F76482B9CE06700F69300 /* CAMutex.h */,
				8B0F76492B9CE06700F69300 /* CACFString.cpp */,
				8B0F764A2B9CE06700F69300 /* CASettingsStorage.h */,
				8B0F764B2B9CE06700F69300 /* CADebugPrintf.h */,
				8B0F764C2B9CE06700F69300 /* CAXException.cpp */,
				8B0F764D2B9CE06700F69300 /* CAAUMIDIMap.h */,
				8B0F764E2B9CE06700F69300 /* AUParamInfo.h */,
				8B0F764F2B9CE06700F69300 /* CABitOperations.h */,
				8B0F76502B9CE06700F69300 /* CACFPreferences.cpp */,
				8B0F76512B9CE06700F69300 /* CABundleLocker.h */,
				8B0F76522B9CE06700F69300 /* CAPropertyAddress.h */,
				8B0F76532B9CE06700F69300 /* CAXException.h */,
				8B0F76542B9CE06700F69300 /* CAAudioChannelLayout.cpp */,
				8B0F76552B9CE06700F69300 /* CAThreadSafeList.h */,
				8B0F76562B9CE06700F69300 /* CAAudioUnitOutputCapturer.h */,
				8B0F76572B9CE06700F69300 /* AUParamInfo.cpp */,
				8B0F76582B9CE06700F69300 /* CASharedLibrary.cpp */,
				8B0F76592B9CE06700F69300 /* CAAUMIDIMap.cpp */,
				8B0F765A2B9CE06700F69300 /* CALogMacros.h */,
				8B0F765B2B9CE06700F69300 /* CACFMessagePort.cpp */,
				8B0F765C2B9CE06700F69300 /* CARingBuffer.h */,
				8B0F765D2B9CE06700F69300 /* AUOutputBL.cpp */,
				8B0F765E2B9CE06700F69300 /* CABufferList.h */,
				8B0F765F2B9CE06700F69300 /* CASharedLibrary.h */,
				8B0F76602B9CE06700F69300 /* CACFData.h */,
				8B0F76612B9CE06700F69300 /* CAStreamRangedDescription.cpp */,
				8B0F76622B9CE06700F69300 /* CAPThread.cpp */,
				8B0F76632B9CE06700F69300 /* CAAutoDisposer.h */,
				8B0F76642B9CE06700F69300 /* CACFPreferences.h */,
				8B0F76652B9CE06700F69300 /* CAVectorUnit.cpp */,
				8B0F76662B9CE06700F69300 /* CAComponentDescription.h */,
				8B0F76672B9CE06700F69300 /* CADebugMacros.h */,
				8B0F76682B9CE06700F69300 /* AUOutputBL.h */,
				8B0F76692B9CE06700F69300 /* CADebugPrintf.cpp */,
				8B0F766A2B9CE06700F69300 /* CARingBuffer.cpp */,
				8B0F766B2B9CE06700F69300 /* CACFPlugIn.h */,
				8B0F766C2B9CE06700F69300 /* CASettingsStorage.cpp */,
				8B0F766D2B9CE06700F69300 /* CAMixMap.h */,
				8B0F766E2B9CE06700F69300 /* CACFDistributedNotification.h */,
				8B0F766F2B9CE06700F69300 /* CAFilePathUtils.h */,
				8B0F76702B9CE06700F69300 /* CATink.h */,
				8B0F76712B9CE06700F69300 /* CAStreamBasicDescription.cpp */,
				8B0F76722B9CE06700F69300 /* CAAudioChannelLayout.h */,
				8B0F76732B9CE06700F69300 /* CAProcess.cpp */,
				8B0F76742B9CE06700F69300 /* CAHostTimeBase.cpp */,
				8B0F76752B9CE06700F69300 /* CAPersistence.cpp */,
				8B0F76762B9CE06700F69300 /* CAAudioBufferList.cpp */,
				8B0F76772B9CE06700F69300 /* CAAudioTimeStamp.cpp */,
				8B0F76782B9CE06700F69300 /* CAVectorUnit.h */,
				8B0F76792B9CE06700F69300 /* CAByteOrder.h */,
				8B0F767A2B9CE06700F69300 /* CACFArray.h */,
				8B0F767B2B9CE06700F69300 /* CAAtomicStack.h */,
				8B0F767C2B9CE06700F69300 /* CAReferenceCounted.h */,
				8B0F767D2B9CE06700F69300 /* CACFMachPort.cpp */,
				8B0F767E2B9CE06700F69300 /* CABufferList.cpp */,
				8B0F767F2B9CE06700F69300 /* CAMutex.cpp */,
				8B0F76802B9CE06700F69300 /* CADebugger.cpp */,
				8B0F76812B9CE06700F69300 /* CABundleLocker.cpp */,
				8B0F76822B9CE06700F69300 /* CAAudioFileFormats.cpp */,
				8B0F76832B9CE06700F69300 /* CAMath.h */,
				8B0F76842B9CE06700F69300 /* CACFArray.cpp */,
				8B0F76852B9CE06700F69300 /* CACFMessagePort.h */,
				8B0F76862B9CE06700F69300 /* CAAudioValueRange.cpp */,
				8B0F76872B9CE06700F69300 /* CAAudioUnit.cpp */,
			);
			path = PublicUtility;
			sourceTree = "<group>";
		};
		8B0F76882B9CE06700F69300 /* AudioUnits */ = {
			isa = PBXGroup;
			children = (
				8B0F76892B9CE06700F69300 /* AUPublic */,
			);
			path = AudioUnits;
			sourceTree = "<group>";
		};
		8B0F76892B9CE06700F69300 /* AUPublic */ = {
			isa = PBXGroup;
			children = (
				8B0F768A2B9CE06700F69300 /* AUViewBase */,
				8B0F768C2B9CE06700F69300 /* AUBase */,
				8B0F769C2B9CE06700F69300 /* OtherBases */,
				8B0F769F2B9CE06700F69300 /* Utility */,
			);
			path = AUPublic;
			sourceTree = "<group>";
		};
		8B0F768A2B9CE06700F69300 /* AUViewBase */ = {
			isa = PBXGroup;
			children = (
				8B0F768B2B9CE06700F69300 /* AUViewLocalizedStringKeys.h */,
			);
			path = AUViewBase;
			sourceTree = "<group>";
		};
		8B0F768C2B9CE06700F69300 /* AUBase */ = {
			isa = PBXGroup;
			children = (
				8B0F768D2B9CE06700F69300 /* ComponentBase.cpp */,
				8B0F768E2B9CE06700F69300 /* AUScopeElement.cpp */,
				8B0F768F2B9CE06700F69300 /* ComponentBase.h */,
				8B0F76902B9CE06700F69300 /* AUBase.cpp */,
				8B0F76912B9CE06700F69300 /* AUInputElement.h */,
				8B0F76922B9CE06700F69300 /* AUBase.h */,
				8B0F76932B9CE06700F69300 /* AUPlugInDispatch.h */,
				8B0F76942B9CE06700F69300 /* AUDispatch.h */,
				8B0F76952B9CE06700F69300 /* AUOutputElement.cpp */,
				8B0F76962B9CE06700F69300 /* AUResources.r */,
				8B0F76972B9CE06700F69300 /* AUPlugInDispatch.cpp */,
				8B0F76982B9CE06700F69300 /* AUOutputElement.h */,
				8B0F76992B9CE06700F69300 /* AUDispatch.cpp */,
				8B0F769A2B9CE06700F69300 /* AUScopeElement.h */,
				8B0F769B2B9CE06700F69300 /* AUInputElement.cpp */,
			);
			path = AUBase;
			sourceTree = "<group>";
		};
		8B0F769C2B9CE06700F69300 /* OtherBases */ = {
			isa = PBXGroup;
			children = (
				8B0F769D2B9CE06700F69300 /* AUEffectBase.cpp */,
				8B0F769E2B9CE06700F69300 /* AUEffectBase.h */,
			);
			path = OtherBases;
			sourceTree = "<group>";
		};
		8B0F769F2B9CE06700F69300 /* Utility */ = {
			isa = PBXGroup;
			children = (
				8B0F76A02B9CE06700F69300 /* AUTimestampGenerator.h */,
				8B0F76A12B9CE06700F69300 /* AUBaseHelper.cpp */,
				8B0F76A22B9CE06700F69300 /* AUSilentTimeout.h */,
				8B0F76A32B9CE06700F69300 /* AUInputFormatConverter.h */,
				8B0F76A42B9CE06700F69300 /* AUTimestampGenerator.cpp */,
				8B0F76A52B9CE06700F69300 /* AUBuffer.cpp */,
				8B0F76A62B9CE06700F69300 /* AUMIDIDefs.h */,
				8B0F76A72B9CE06700F69300 /* AUBuffer.h */,
				8B0F76A82B9CE06700F69300 /* AUBaseHelper.h */,
			);
			path = Utility;
			sourceTree = "<group>";
		};
		8BA05A56072072A900365D66 /* AU Source */ = {
			isa = PBXGroup;
			children = (
				8BC6025B073B072D006C4272 /* Air3.h */,
				8BA05A660720730100365D66 /* Air3.cpp */,
				8BA05A670720730100365D66 /* Air3.exp */,
				8BA05A680720730100365D66 /* Air3.r */,
				8BA05A690720730100365D66 /* Air3Version.h */,
			);
			name = "AU Source";
			sourceTree = "<group>";
		};
/* End PBXGroup section */

/* Begin PBXHeadersBuildPhase section */
		8D01CCC70486CAD60068D4B7 /* Headers */ = {
			isa = PBXHeadersBuildPhase;
			buildActionMask = 2147483647;
			files = (
				8B0F76D92B9CE06700F69300 /* CABundleLocker.h in Headers */,
				8B0F76FA2B9CE06700F69300 /* CAAudioChannelLayout.h in Headers */,
				8B0F76F02B9CE06700F69300 /* AUOutputBL.h in Headers */,
				8B0F76CB2B9CE06700F69300 /* CAHostTimeBase.h in Headers */,
				8B0F77132B9CE06700F69300 /* ComponentBase.h in Headers */,
				8B0F77032B9CE06700F69300 /* CAAtomicStack.h in Headers */,
				8B0F76C02B9CE06700F69300 /* CAAudioTimeStamp.h in Headers */,
				8B0F76DD2B9CE06700F69300 /* CAThreadSafeList.h in Headers */,
				8B0F76B82B9CE06700F69300 /* CAAUParameter.h in Headers */,
				8B0F772A2B9CE06700F69300 /* AUBaseHelper.h in Headers */,
				8B0F77222B9CE06700F69300 /* AUTimestampGenerator.h in Headers */,
				8B0F76D32B9CE06700F69300 /* CADebugPrintf.h in Headers */,
				8B0F770D2B9CE06700F69300 /* CACFMessagePort.h in Headers */,
				8B0F76BB2B9CE06700F69300 /* CAAUProcessor.h in Headers */,
				8B0F76B72B9CE06700F69300 /* CAAudioUnit.h in Headers */,
				8B0F77102B9CE06700F69300 /* AUViewLocalizedStringKeys.h in Headers */,
				8B0F76F62B9CE06700F69300 /* CACFDistributedNotification.h in Headers */,
				8B0F76B52B9CE06700F69300 /* CAComponent.h in Headers */,
				8B0F76C32B9CE06700F69300 /* CAVectorUnitTypes.h in Headers */,
				8BA05A6E0720730100365D66 /* Air3Version.h in Headers */,
				8B0F76F72B9CE06700F69300 /* CAFilePathUtils.h in Headers */,
				8B0F76B92B9CE06700F69300 /* CAException.h in Headers */,
				8B0F76B02B9CE06700F69300 /* CAAtomic.h in Headers */,
				8B0F76AF2B9CE06700F69300 /* CAGuard.h in Headers */,
				8B0F77152B9CE06700F69300 /* AUInputElement.h in Headers */,
				8B0F76EC2B9CE06700F69300 /* CACFPreferences.h in Headers */,
				8B0F77012B9CE06700F69300 /* CAByteOrder.h in Headers */,
				8B0F76E42B9CE06700F69300 /* CARingBuffer.h in Headers */,
				8B0F76AB2B9CE06700F69300 /* CABool.h in Headers */,
				8B0F76D02B9CE06700F69300 /* CAMutex.h in Headers */,
				8B0F77162B9CE06700F69300 /* AUBase.h in Headers */,
				8BC6025C073B072D006C4272 /* Air3.h in Headers */,
				8B0F76C82B9CE06700F69300 /* CACFString.h in Headers */,
				8B0F76E72B9CE06700F69300 /* CASharedLibrary.h in Headers */,
				8B0F76B42B9CE06700F69300 /* CATokenMap.h in Headers */,
				8B0F76A92B9CE06700F69300 /* CAExtAudioFile.h in Headers */,
				8B0F76BE2B9CE06700F69300 /* CAPThread.h in Headers */,
				8B0F76DA2B9CE06700F69300 /* CAPropertyAddress.h in Headers */,
				8B0F77042B9CE06700F69300 /* CAReferenceCounted.h in Headers */,
				8B0F77292B9CE06700F69300 /* AUBuffer.h in Headers */,
				8B0F770B2B9CE06700F69300 /* CAMath.h in Headers */,
				8B0F76EB2B9CE06700F69300 /* CAAutoDisposer.h in Headers */,
				8B0F76B22B9CE06700F69300 /* CACFObject.h in Headers */,
				8B0F76D22B9CE06700F69300 /* CASettingsStorage.h in Headers */,
				8B0F76DB2B9CE06700F69300 /* CAXException.h in Headers */,
				8B0F76F82B9CE06700F69300 /* CATink.h in Headers */,
				8B0F77252B9CE06700F69300 /* AUInputFormatConverter.h in Headers */,
				8B0F77002B9CE06700F69300 /* CAVectorUnit.h in Headers */,
				8B0F76BC2B9CE06700F69300 /* CAProcess.h in Headers */,
				8B0F76C22B9CE06700F69300 /* CAAudioValueRange.h in Headers */,
				8B0F76D72B9CE06700F69300 /* CABitOperations.h in Headers */,
				8B0F76CD2B9CE06700F69300 /* CAAudioFileFormats.h in Headers */,
				8B0F76C62B9CE06700F69300 /* CACFNumber.h in Headers */,
				8B0F76DE2B9CE06700F69300 /* CAAudioUnitOutputCapturer.h in Headers */,
				8B0F76EF2B9CE06700F69300 /* CADebugMacros.h in Headers */,
				8B0F77282B9CE06700F69300 /* AUMIDIDefs.h in Headers */,
				8B0F76E82B9CE06700F69300 /* CACFData.h in Headers */,
				8B0F76B12B9CE06700F69300 /* CAStreamBasicDescription.h in Headers */,
				8B0F77172B9CE06700F69300 /* AUPlugInDispatch.h in Headers */,
				8B0F76B32B9CE06700F69300 /* CAStreamRangedDescription.h in Headers */,
				8B0F76F32B9CE06700F69300 /* CACFPlugIn.h in Headers */,
				8B0F76B62B9CE06700F69300 /* CAAudioBufferList.h in Headers */,
				8B0F76CE2B9CE06700F69300 /* CAAUMIDIMapManager.h in Headers */,
				8B0F77212B9CE06700F69300 /* AUEffectBase.h in Headers */,
				8B0F76BD2B9CE06700F69300 /* CACFDictionary.h in Headers */,
				8B0F771E2B9CE06700F69300 /* AUScopeElement.h in Headers */,
				8B0F76EE2B9CE06700F69300 /* CAComponentDescription.h in Headers */,
				8B0F77242B9CE06700F69300 /* AUSilentTimeout.h in Headers */,
				8B0F76E62B9CE06700F69300 /* CABufferList.h in Headers */,
				8B0F77182B9CE06700F69300 /* AUDispatch.h in Headers */,
				8B0F771C2B9CE06700F69300 /* AUOutputElement.h in Headers */,
				8B0F76E22B9CE06700F69300 /* CALogMacros.h in Headers */,
				8B0F76D62B9CE06700F69300 /* AUParamInfo.h in Headers */,
				8B0F76F52B9CE06700F69300 /* CAMixMap.h in Headers */,
				8B0F77022B9CE06700F69300 /* CACFArray.h in Headers */,
				8B0F76AA2B9CE06700F69300 /* CACFMachPort.h in Headers */,
				8B0F76D52B9CE06700F69300 /* CAAUMIDIMap.h in Headers */,
				8B0F76AD2B9CE06700F69300 /* CADebugger.h in Headers */,
			);
			runOnlyForDeploymentPostprocessing = 0;
		};
/* End PBXHeadersBuildPhase section */

/* Begin PBXNativeTarget section */
		8D01CCC60486CAD60068D4B7 /* Air3 */ = {
			isa = PBXNativeTarget;
			buildConfigurationList = 3E4BA243089833B7007656EC /* Build configuration list for PBXNativeTarget "Air3" */;
			buildPhases = (
				8D01CCC70486CAD60068D4B7 /* Headers */,
				8D01CCC90486CAD60068D4B7 /* Resources */,
				8D01CCCB0486CAD60068D4B7 /* Sources */,
				8D01CCCD0486CAD60068D4B7 /* Frameworks */,
			);
			buildRules = (
			);
			dependencies = (
			);
			name = Air3;
			productInstallPath = "$(HOME)/Library/Bundles";
			productName = Air3;
			productReference = 8D01CCD20486CAD60068D4B7 /* Air3.component */;
			productType = "com.apple.product-type.bundle";
		};
/* End PBXNativeTarget section */

/* Begin PBXProject section */
		089C1669FE841209C02AAC07 /* Project object */ = {
			isa = PBXProject;
			attributes = {
				LastUpgradeCheck = 1420;
			};
			buildConfigurationList = 3E4BA247089833B7007656EC /* Build configuration list for PBXProject "Air3" */;
			compatibilityVersion = "Xcode 3.1";
			developmentRegion = en;
			hasScannedForEncodings = 1;
			knownRegions = (
				fr,
				Base,
				de,
				en,
				ja,
			);
			mainGroup = 089C166AFE841209C02AAC07 /* Air3 */;
			projectDirPath = "";
			projectRoot = "";
			targets = (
				8D01CCC60486CAD60068D4B7 /* Air3 */,
			);
		};
/* End PBXProject section */

/* Begin PBXResourcesBuildPhase section */
		8D01CCC90486CAD60068D4B7 /* Resources */ = {
			isa = PBXResourcesBuildPhase;
			buildActionMask = 2147483647;
			files = (
				8D01CCCA0486CAD60068D4B7 /* InfoPlist.strings in Resources */,
			);
			runOnlyForDeploymentPostprocessing = 0;
		};
/* End PBXResourcesBuildPhase section */

/* Begin PBXSourcesBuildPhase section */
		8D01CCCB0486CAD60068D4B7 /* Sources */ = {
			isa = PBXSourcesBuildPhase;
			buildActionMask = 2147483647;
			files = (
				8B0F76E52B9CE06700F69300 /* AUOutputBL.cpp in Sources */,
				8B0F770A2B9CE06700F69300 /* CAAudioFileFormats.cpp in Sources */,
				8B0F76FC2B9CE06700F69300 /* CAHostTimeBase.cpp in Sources */,
				8B0F76D42B9CE06700F69300 /* CAXException.cpp in Sources */,
				8B0F76FE2B9CE06700F69300 /* CAAudioBufferList.cpp in Sources */,
				8B0F76C12B9CE06700F69300 /* CAFilePathUtils.cpp in Sources */,
				8B0F76BF2B9CE06700F69300 /* CAAUParameter.cpp in Sources */,
				8B0F76E12B9CE06700F69300 /* CAAUMIDIMap.cpp in Sources */,
				8B0F770E2B9CE06700F69300 /* CAAudioValueRange.cpp in Sources */,
				8B0F771D2B9CE06700F69300 /* AUDispatch.cpp in Sources */,
				8B0F76D82B9CE06700F69300 /* CACFPreferences.cpp in Sources */,
				8B0F771B2B9CE06700F69300 /* AUPlugInDispatch.cpp in Sources */,
				8B0F76BA2B9CE06700F69300 /* CAAUProcessor.cpp in Sources */,
				8B0F76CF2B9CE06700F69300 /* CACFDictionary.cpp in Sources */,
				8B0F77232B9CE06700F69300 /* AUBaseHelper.cpp in Sources */,
				8B0F77082B9CE06700F69300 /* CADebugger.cpp in Sources */,
				8B0F76DC2B9CE06700F69300 /* CAAudioChannelLayout.cpp in Sources */,
				8B0F76DF2B9CE06700F69300 /* AUParamInfo.cpp in Sources */,
				8B0F76FD2B9CE06700F69300 /* CAPersistence.cpp in Sources */,
				8B0F76F12B9CE06700F69300 /* CADebugPrintf.cpp in Sources */,
				8B0F77262B9CE06700F69300 /* AUTimestampGenerator.cpp in Sources */,
				8B0F76F92B9CE06700F69300 /* CAStreamBasicDescription.cpp in Sources */,
				8B0F76C92B9CE06700F69300 /* CAAUMIDIMapManager.cpp in Sources */,
				8B0F76F42B9CE06700F69300 /* CASettingsStorage.cpp in Sources */,
				8B0F77192B9CE06700F69300 /* AUOutputElement.cpp in Sources */,
				8B0F76C52B9CE06700F69300 /* CAGuard.cpp in Sources */,
				8BA05A6B0720730100365D66 /* Air3.cpp in Sources */,
				8B0F77072B9CE06700F69300 /* CAMutex.cpp in Sources */,
				8B0F77202B9CE06700F69300 /* AUEffectBase.cpp in Sources */,
				8B0F77052B9CE06700F69300 /* CACFMachPort.cpp in Sources */,
				8B0F77142B9CE06700F69300 /* AUBase.cpp in Sources */,
				8B0F76E02B9CE06700F69300 /* CASharedLibrary.cpp in Sources */,
				8B0F76C72B9CE06700F69300 /* CACFDistributedNotification.cpp in Sources */,
				8B0F76CA2B9CE06700F69300 /* CAComponentDescription.cpp in Sources */,
				8B0F76D12B9CE06700F69300 /* CACFString.cpp in Sources */,
				8B0F77112B9CE06700F69300 /* ComponentBase.cpp in Sources */,
				8B0F76F22B9CE06700F69300 /* CARingBuffer.cpp in Sources */,
				8B0F77122B9CE06700F69300 /* AUScopeElement.cpp in Sources */,
				8B0F770F2B9CE06700F69300 /* CAAudioUnit.cpp in Sources */,
				8B0F770C2B9CE06700F69300 /* CACFArray.cpp in Sources */,
				8B0F77092B9CE06700F69300 /* CABundleLocker.cpp in Sources */,
				8B0F76FB2B9CE06700F69300 /* CAProcess.cpp in Sources */,
				8B0F76E92B9CE06700F69300 /* CAStreamRangedDescription.cpp in Sources */,
				8B0F76EA2B9CE06700F69300 /* CAPThread.cpp in Sources */,
				8B0F76AC2B9CE06700F69300 /* CAComponent.cpp in Sources */,
				8B0F76C42B9CE06700F69300 /* CAAudioChannelLayoutObject.cpp in Sources */,
				8B0F76FF2B9CE06700F69300 /* CAAudioTimeStamp.cpp in Sources */,
				8B0F77062B9CE06700F69300 /* CABufferList.cpp in Sources */,
				8B0F76E32B9CE06700F69300 /* CACFMessagePort.cpp in Sources */,
				8B0F76ED2B9CE06700F69300 /* CAVectorUnit.cpp in Sources */,
				8B0F771F2B9CE06700F69300 /* AUInputElement.cpp in Sources */,
				8B0F77272B9CE06700F69300 /* AUBuffer.cpp in Sources */,
				8B0F76CC2B9CE06700F69300 /* CADebugMacros.cpp in Sources */,
				8B0F76AE2B9CE06700F69300 /* CACFNumber.cpp in Sources */,
			);
			runOnlyForDeploymentPostprocessing = 0;
		};
/* End PBXSourcesBuildPhase section */

/* Begin PBXVariantGroup section */
		089C167DFE841241C02AAC07 /* InfoPlist.strings */ = {
			isa = PBXVariantGroup;
			children = (
				8B0F772B2B9CE11000F69300 /* en */,
			);
			name = InfoPlist.strings;
			sourceTree = "<group>";
		};
/* End PBXVariantGroup section */

/* Begin XCBuildConfiguration section */
		3E4BA244089833B7007656EC /* Debug */ = {
			isa = XCBuildConfiguration;
			buildSettings = {
				ARCHS = "$(ARCHS_STANDARD)";
				CLANG_ENABLE_OBJC_WEAK = YES;
				CODE_SIGN_IDENTITY = "Apple Development";
				"CODE_SIGN_IDENTITY[sdk=macosx*]" = "Developer ID Application";
				CODE_SIGN_STYLE = Manual;
				DEAD_CODE_STRIPPING = YES;
				DEVELOPMENT_TEAM = "";
				"DEVELOPMENT_TEAM[sdk=macosx*]" = 9BMAKYA76W;
				EXPORTED_SYMBOLS_FILE = Air3.exp;
				GCC_OPTIMIZATION_LEVEL = 0;
				GENERATE_PKGINFO_FILE = YES;
				INFOPLIST_FILE = Info.plist;
				INSTALL_PATH = "$(HOME)/Library/Audio/Plug-Ins/Components/";
				LIBRARY_STYLE = Bundle;
				MACOSX_DEPLOYMENT_TARGET = 11.1;
				OTHER_LDFLAGS = "-bundle";
				OTHER_REZFLAGS = "";
				PRODUCT_BUNDLE_IDENTIFIER = "com.airwindows.audiounit.${PRODUCT_NAME:identifier}";
				PRODUCT_NAME = Air3;
				PROVISIONING_PROFILE_SPECIFIER = "";
				SDKROOT = macosx;
				STRIP_STYLE = debugging;
				WRAPPER_EXTENSION = component;
			};
			name = Debug;
		};
		3E4BA245089833B7007656EC /* Release */ = {
			isa = XCBuildConfiguration;
			buildSettings = {
				ARCHS = "$(ARCHS_STANDARD)";
				CLANG_ENABLE_OBJC_WEAK = YES;
				CODE_SIGN_IDENTITY = "Apple Development";
				"CODE_SIGN_IDENTITY[sdk=macosx*]" = "Developer ID Application";
				CODE_SIGN_STYLE = Manual;
				DEAD_CODE_STRIPPING = YES;
				DEVELOPMENT_TEAM = "";
				"DEVELOPMENT_TEAM[sdk=macosx*]" = 9BMAKYA76W;
				EXPORTED_SYMBOLS_FILE = Air3.exp;
				GCC_GENERATE_DEBUGGING_SYMBOLS = NO;
				GENERATE_PKGINFO_FILE = YES;
				INFOPLIST_FILE = Info.plist;
				INSTALL_PATH = "$(HOME)/Library/Audio/Plug-Ins/Components/";
				LIBRARY_STYLE = Bundle;
				MACOSX_DEPLOYMENT_TARGET = 11.1;
				OTHER_LDFLAGS = "-bundle";
				OTHER_REZFLAGS = "";
				PRODUCT_BUNDLE_IDENTIFIER = "com.airwindows.audiounit.${PRODUCT_NAME:identifier}";
				PRODUCT_NAME = Air3;
				PROVISIONING_PROFILE_SPECIFIER = "";
				SDKROOT = macosx;
				STRIP_INSTALLED_PRODUCT = YES;
				STRIP_STYLE = debugging;
				WRAPPER_EXTENSION = component;
			};
			name = Release;
		};
		3E4BA248089833B7007656EC /* Debug */ = {
			isa = XCBuildConfiguration;
			buildSettings = {
				ALWAYS_SEARCH_USER_PATHS = NO;
				ARCHS = "$(ARCHS_STANDARD)";
				CLANG_ANALYZER_LOCALIZABILITY_NONLOCALIZED = YES;
				CLANG_WARN_BLOCK_CAPTURE_AUTORELEASING = YES;
				CLANG_WARN_BOOL_CONVERSION = YES;
				CLANG_WARN_COMMA = YES;
				CLANG_WARN_CONSTANT_CONVERSION = YES;
				CLANG_WARN_DEPRECATED_OBJC_IMPLEMENTATIONS = YES;
				CLANG_WARN_EMPTY_BODY = YES;
				CLANG_WARN_ENUM_CONVERSION = YES;
				CLANG_WARN_INFINITE_RECURSION = YES;
				CLANG_WARN_INT_CONVERSION = YES;
				CLANG_WARN_NON_LITERAL_NULL_CONVERSION = YES;
				CLANG_WARN_OBJC_IMPLICIT_RETAIN_SELF = YES;
				CLANG_WARN_OBJC_LITERAL_CONVERSION = YES;
				CLANG_WARN_QUOTED_INCLUDE_IN_FRAMEWORK_HEADER = YES;
				CLANG_WARN_RANGE_LOOP_ANALYSIS = YES;
				CLANG_WARN_STRICT_PROTOTYPES = YES;
				CLANG_WARN_SUSPICIOUS_MOVE = YES;
				CLANG_WARN_UNREACHABLE_CODE = YES;
				CLANG_WARN__DUPLICATE_METHOD_MATCH = YES;
				COPY_PHASE_STRIP = NO;
				DEAD_CODE_STRIPPING = YES;
				DEBUG_INFORMATION_FORMAT = "dwarf-with-dsym";
				ENABLE_STRICT_OBJC_MSGSEND = YES;
				ENABLE_TESTABILITY = YES;
				GCC_C_LANGUAGE_STANDARD = c99;
				GCC_NO_COMMON_BLOCKS = YES;
				GCC_WARN_64_TO_32_BIT_CONVERSION = YES;
				GCC_WARN_ABOUT_RETURN_TYPE = YES;
				GCC_WARN_UNDECLARED_SELECTOR = YES;
				GCC_WARN_UNINITIALIZED_AUTOS = YES;
				GCC_WARN_UNUSED_FUNCTION = YES;
				GCC_WARN_UNUSED_VARIABLE = YES;
				HEADER_SEARCH_PATHS = "/Users/christopherjohnson/Desktop/CA_SDK/**";
				MACOSX_DEPLOYMENT_TARGET = 11.1;
				ONLY_ACTIVE_ARCH = YES;
				SDKROOT = macosx;
				WARNING_CFLAGS = (
					"-Wmost",
					"-Wno-four-char-constants",
					"-Wno-unknown-pragmas",
				);
			};
			name = Debug;
		};
		3E4BA249089833B7007656EC /* Release */ = {
			isa = XCBuildConfiguration;
			buildSettings = {
				ALWAYS_SEARCH_USER_PATHS = NO;
				ARCHS = "$(ARCHS_STANDARD)";
				CLANG_ANALYZER_LOCALIZABILITY_NONLOCALIZED = YES;
				CLANG_WARN_BLOCK_CAPTURE_AUTORELEASING = YES;
				CLANG_WARN_BOOL_CONVERSION = YES;
				CLANG_WARN_COMMA = YES;
				CLANG_WARN_CONSTANT_CONVERSION = YES;
				CLANG_WARN_DEPRECATED_OBJC_IMPLEMENTATIONS = YES;
				CLANG_WARN_EMPTY_BODY = YES;
				CLANG_WARN_ENUM_CONVERSION = YES;
				CLANG_WARN_INFINITE_RECURSION = YES;
				CLANG_WARN_INT_CONVERSION = YES;
				CLANG_WARN_NON_LITERAL_NULL_CONVERSION = YES;
				CLANG_WARN_OBJC_IMPLICIT_RETAIN_SELF = YES;
				CLANG_WARN_OBJC_LITERAL_CONVERSION = YES;
				CLANG_WARN_QUOTED_INCLUDE_IN_FRAMEWORK_HEADER = YES;
				CLANG_WARN_RANGE_LOOP_ANALYSIS = YES;
				CLANG_WARN_STRICT_PROTOTYPES = YES;
				CLANG_WARN_SUSPICIOUS_MOVE = YES;
				CLANG_WARN_UNREACHABLE_CODE = YES;
				CLANG_WARN__DUPLICATE_METHOD_MATCH = YES;
				DEAD_CODE_STRIPPING = YES;
				DEBUG_INFORMATION_FORMAT = "dwarf-with-dsym";
				ENABLE_STRICT_OBJC_MSGSEND = YES;
				GCC_C_LANGUAGE_STANDARD = c99;
				GCC_NO_COMMON_BLOCKS = YES;
				GCC_WARN_64_TO_32_BIT_CONVERSION = YES;
				GCC_WARN_ABOUT_RETURN_TYPE = YES;
				GCC_WARN_UNDECLARED_SELECTOR = YES;
				GCC_WARN_UNINITIALIZED_AUTOS = YES;
				GCC_WARN_UNUSED_FUNCTION = YES;
				GCC_WARN_UNUSED_VARIABLE = YES;
				HEADER_SEARCH_PATHS = "/Users/christopherjohnson/Desktop/CA_SDK/**";
				MACOSX_DEPLOYMENT_TARGET = 11.1;
				ONLY_ACTIVE_ARCH = YES;
				SDKROOT = macosx;
				WARNING_CFLAGS = (
					"-Wmost",
					"-Wno-four-char-constants",
					"-Wno-unknown-pragmas",
				);
			};
			name = Release;
		};
/* End XCBuildConfiguration section */

/* Begin XCConfigurationList section */
		3E4BA243089833B7007656EC /* Build configuration list for PBXNativeTarget "Air3" */ = {
			isa = XCConfigurationList;
			buildConfigurations = (
				3E4BA244089833B7007656EC /* Debug */,
				3E4BA245089833B7007656EC /* Release */,
			);
			defaultConfigurationIsVisible = 0;
			defaultConfigurationName = Debug;
		};
		3E4BA247089833B7007656EC /* Build configuration list for PBXProject "Air3" */ = {
			isa = XCConfigurationList;
			buildConfigurations = (
				3E4BA248089833B7007656EC /* Debug */,
				3E4BA249089833B7007656EC /* Release */,
			);
			defaultConfigurationIsVisible = 0;
			defaultConfigurationName = Debug;
		};
/* End XCConfigurationList section */
	};
	rootObject = 089C1669FE841209C02AAC07 /* Project object */;
}
